// !$*UTF8*$!
{
	archiveVersion = 1;
	classes = {
	};
	objectVersion = 46;
	objects = {

/* Begin PBXBuildFile section */
		A5224A3B15EE6D2700AE6103 /* EmmetEditor.h in Headers */ = {isa = PBXBuildFile; fileRef = A5224A3A15EE6D2700AE6103 /* EmmetEditor.h */; };
		A5224A3E15EE6D9200AE6103 /* NSTextView+EmmetEditor.m in Sources */ = {isa = PBXBuildFile; fileRef = A5224A3C15EE6D9200AE6103 /* NSTextView+EmmetEditor.m */; };
		A5224A3F15EE6D9200AE6103 /* NSTextView+EmmetEditor.h in Headers */ = {isa = PBXBuildFile; fileRef = A5224A3D15EE6D9200AE6103 /* NSTextView+EmmetEditor.h */; };
		A5224A4015EE726A00AE6103 /* NSTextView+EmmetEditor.m in Sources */ = {isa = PBXBuildFile; fileRef = A5224A3C15EE6D9200AE6103 /* NSTextView+EmmetEditor.m */; };
		A53F606815E587B700CF391B /* KeyboardShortcuts.plist in Resources */ = {isa = PBXBuildFile; fileRef = A59A5A40158FDAF2005B4EB4 /* KeyboardShortcuts.plist */; };
		A53F606915E6C49300CF391B /* BasicPreferences.xib in Resources */ = {isa = PBXBuildFile; fileRef = A5E8601315CB2989001302EA /* BasicPreferences.xib */; };
		A53F606A15E6C49F00CF391B /* EMBasicPreferencesWindowController.m in Sources */ = {isa = PBXBuildFile; fileRef = A5E8601815CB2A46001302EA /* EMBasicPreferencesWindowController.m */; };
		A53F606B15E6C4C100CF391B /* EMArrayTransformer.m in Sources */ = {isa = PBXBuildFile; fileRef = A5E85FF615CB28A1001302EA /* EMArrayTransformer.m */; };
		A53F606C15E6C4C100CF391B /* EMSyntaxNameTransformer.m in Sources */ = {isa = PBXBuildFile; fileRef = A5E85FF815CB28A1001302EA /* EMSyntaxNameTransformer.m */; };
		A53F606D15E6C4C100CF391B /* EMTildePathTransformer.m in Sources */ = {isa = PBXBuildFile; fileRef = A5E85FFA15CB28A1001302EA /* EMTildePathTransformer.m */; };
		A562B88D1595007C007F9044 /* EmmetFile.h in Headers */ = {isa = PBXBuildFile; fileRef = A562B88B1595007C007F9044 /* EmmetFile.h */; };
		A562B88E1595007C007F9044 /* EmmetFile.m in Sources */ = {isa = PBXBuildFile; fileRef = A562B88C1595007C007F9044 /* EmmetFile.m */; };
		A562B88F1595007C007F9044 /* EmmetFile.m in Sources */ = {isa = PBXBuildFile; fileRef = A562B88C1595007C007F9044 /* EmmetFile.m */; };
		A562B8901595007C007F9044 /* EmmetFile.m in Sources */ = {isa = PBXBuildFile; fileRef = A562B88C1595007C007F9044 /* EmmetFile.m */; };
		A562B89615951696007F9044 /* file-interface.js in Resources */ = {isa = PBXBuildFile; fileRef = A562B8921595022F007F9044 /* file-interface.js */; };
		A562B897159516A8007F9044 /* file-interface.js in Resources */ = {isa = PBXBuildFile; fileRef = A562B8921595022F007F9044 /* file-interface.js */; };
		A562B898159516B1007F9044 /* file-interface.js in Resources */ = {isa = PBXBuildFile; fileRef = A562B8921595022F007F9044 /* file-interface.js */; };
		A566BFE4161F58A2006ABFB0 /* JSCocoa.framework in Frameworks */ = {isa = PBXBuildFile; fileRef = A566BFE3161F58A2006ABFB0 /* JSCocoa.framework */; };
		A566BFE7161F5991006ABFB0 /* JSCocoa.framework in CopyFiles */ = {isa = PBXBuildFile; fileRef = A566BFE3161F58A2006ABFB0 /* JSCocoa.framework */; };
		A566BFE8161F5E89006ABFB0 /* JSCocoa.framework in Frameworks */ = {isa = PBXBuildFile; fileRef = A566BFE3161F58A2006ABFB0 /* JSCocoa.framework */; };
		A566BFEA161F5E9A006ABFB0 /* JSCocoa.framework in CopyFiles */ = {isa = PBXBuildFile; fileRef = A566BFE3161F58A2006ABFB0 /* JSCocoa.framework */; };
		A566BFEB161F5EA3006ABFB0 /* JSCocoa.framework in Frameworks */ = {isa = PBXBuildFile; fileRef = A566BFE3161F58A2006ABFB0 /* JSCocoa.framework */; };
		A566BFED161F5EB4006ABFB0 /* JSCocoa.framework in CopyFiles */ = {isa = PBXBuildFile; fileRef = A566BFE3161F58A2006ABFB0 /* JSCocoa.framework */; };
		A566BFEE161F5EBE006ABFB0 /* JSCocoa.framework in Frameworks */ = {isa = PBXBuildFile; fileRef = A566BFE3161F58A2006ABFB0 /* JSCocoa.framework */; };
		A566BFF0161F5EDD006ABFB0 /* JSCocoa.framework in CopyFiles */ = {isa = PBXBuildFile; fileRef = A566BFE3161F58A2006ABFB0 /* JSCocoa.framework */; };
		A56992E715D90A1C00D97C27 /* textmate-bootstrap.js in Resources */ = {isa = PBXBuildFile; fileRef = A56992E515D9091500D97C27 /* textmate-bootstrap.js */; };
		A56992E915D90F2100D97C27 /* KeyboardShortcuts.plist in Resources */ = {isa = PBXBuildFile; fileRef = A56992E815D90F2100D97C27 /* KeyboardShortcuts.plist */; };
		A575604415D1C0E300CF9829 /* EMUserDataLoader.m in Sources */ = {isa = PBXBuildFile; fileRef = A5E85FB315C8821C001302EA /* EMUserDataLoader.m */; };
		A575604515D1C0F800CF9829 /* EMBasicPreferencesWindowController.m in Sources */ = {isa = PBXBuildFile; fileRef = A5E8601815CB2A46001302EA /* EMBasicPreferencesWindowController.m */; };
		A575604615D1C10500CF9829 /* EMArrayTransformer.m in Sources */ = {isa = PBXBuildFile; fileRef = A5E85FF615CB28A1001302EA /* EMArrayTransformer.m */; };
		A575604715D1C10900CF9829 /* EMSyntaxNameTransformer.m in Sources */ = {isa = PBXBuildFile; fileRef = A5E85FF815CB28A1001302EA /* EMSyntaxNameTransformer.m */; };
		A575604815D1C10C00CF9829 /* EMTildePathTransformer.m in Sources */ = {isa = PBXBuildFile; fileRef = A5E85FFA15CB28A1001302EA /* EMTildePathTransformer.m */; };
		A575604915D1C11F00CF9829 /* BasicPreferences.xib in Resources */ = {isa = PBXBuildFile; fileRef = A5E8601315CB2989001302EA /* BasicPreferences.xib */; };
		A576DD4815E83213009B5E24 /* emmet-app.js in Resources */ = {isa = PBXBuildFile; fileRef = A576DD4715E83213009B5E24 /* emmet-app.js */; };
		A576DD4915E83213009B5E24 /* emmet-app.js in Resources */ = {isa = PBXBuildFile; fileRef = A576DD4715E83213009B5E24 /* emmet-app.js */; };
		A576DD4A15E83213009B5E24 /* emmet-app.js in Resources */ = {isa = PBXBuildFile; fileRef = A576DD4715E83213009B5E24 /* emmet-app.js */; };
		A576DD4B15E83213009B5E24 /* emmet-app.js in Resources */ = {isa = PBXBuildFile; fileRef = A576DD4715E83213009B5E24 /* emmet-app.js */; };
		A576DD5215E91267009B5E24 /* Cocoa.framework in Frameworks */ = {isa = PBXBuildFile; fileRef = A5994E5D14BF52030067B42B /* Cocoa.framework */; };
		A576DD6115E9256F009B5E24 /* EMGenericAction.m in Sources */ = {isa = PBXBuildFile; fileRef = A576DD6015E9256F009B5E24 /* EMGenericAction.m */; };
		A576DD7415E92DE0009B5E24 /* EMEspressoEditor.m in Sources */ = {isa = PBXBuildFile; fileRef = A576DD7315E92DE0009B5E24 /* EMEspressoEditor.m */; };
		A576DD7515EA441B009B5E24 /* JSONKit.m in Sources */ = {isa = PBXBuildFile; fileRef = A596306D1519F594000D1A01 /* JSONKit.m */; };
		A576DD7C15EA441B009B5E24 /* JSCocoaDelegate.m in Sources */ = {isa = PBXBuildFile; fileRef = A5BE71E015BF43A3009CF514 /* JSCocoaDelegate.m */; };
		A576DD7D15EA441B009B5E24 /* Emmet.m in Sources */ = {isa = PBXBuildFile; fileRef = A563EC4A14E31951009472C9 /* Emmet.m */; };
		A576DD7E15EA441B009B5E24 /* EMPromptDialogController.m in Sources */ = {isa = PBXBuildFile; fileRef = A55EC49C14EE560E00F9A09B /* EMPromptDialogController.m */; };
		A576DD7F15EA441B009B5E24 /* NSMutableDictionary+EMUtils.m in Sources */ = {isa = PBXBuildFile; fileRef = A59630671519DAE7000D1A01 /* NSMutableDictionary+EMUtils.m */; };
		A576DD8015EA441B009B5E24 /* EmmetFile.m in Sources */ = {isa = PBXBuildFile; fileRef = A562B88C1595007C007F9044 /* EmmetFile.m */; };
		A576DD8115EA441B009B5E24 /* EMUserDataLoader.m in Sources */ = {isa = PBXBuildFile; fileRef = A5E85FB315C8821C001302EA /* EMUserDataLoader.m */; };
		A576DD8215EA441B009B5E24 /* EMBasicPreferencesWindowController.m in Sources */ = {isa = PBXBuildFile; fileRef = A5E8601815CB2A46001302EA /* EMBasicPreferencesWindowController.m */; };
		A576DD8315EA441B009B5E24 /* EMArrayTransformer.m in Sources */ = {isa = PBXBuildFile; fileRef = A5E85FF615CB28A1001302EA /* EMArrayTransformer.m */; };
		A576DD8415EA441B009B5E24 /* EMSyntaxNameTransformer.m in Sources */ = {isa = PBXBuildFile; fileRef = A5E85FF815CB28A1001302EA /* EMSyntaxNameTransformer.m */; };
		A576DD8515EA441B009B5E24 /* EMTildePathTransformer.m in Sources */ = {isa = PBXBuildFile; fileRef = A5E85FFA15CB28A1001302EA /* EMTildePathTransformer.m */; };
		A576DD8915EA4528009B5E24 /* PromptDialog.xib in Resources */ = {isa = PBXBuildFile; fileRef = A5AB74E514EE56BE00A59617 /* PromptDialog.xib */; };
		A576DD8A15EA4528009B5E24 /* emmet-app.js in Resources */ = {isa = PBXBuildFile; fileRef = A576DD4715E83213009B5E24 /* emmet-app.js */; };
		A576DD8B15EA4528009B5E24 /* PreferencesDefaults.plist in Resources */ = {isa = PBXBuildFile; fileRef = A5DB23431510DABD009979C2 /* PreferencesDefaults.plist */; };
		A576DD8C15EA4528009B5E24 /* snippets.json in Resources */ = {isa = PBXBuildFile; fileRef = A57C4A02158BEED300566A1C /* snippets.json */; };
		A576DD8D15EA4528009B5E24 /* objc-zeneditor-wrap.js in Resources */ = {isa = PBXBuildFile; fileRef = A5EBAB7114E31437007DD2E2 /* objc-zeneditor-wrap.js */; };
		A576DD8E15EA4528009B5E24 /* file-interface.js in Resources */ = {isa = PBXBuildFile; fileRef = A562B8921595022F007F9044 /* file-interface.js */; };
		A576DD8F15EA4528009B5E24 /* BasicPreferences.xib in Resources */ = {isa = PBXBuildFile; fileRef = A5E8601315CB2989001302EA /* BasicPreferences.xib */; };
		A576DD9415EA5985009B5E24 /* textmate-bootstrap.js in Resources */ = {isa = PBXBuildFile; fileRef = A56992E515D9091500D97C27 /* textmate-bootstrap.js */; };
		A576DD9715EB5F08009B5E24 /* EMPreferences.m in Sources */ = {isa = PBXBuildFile; fileRef = A576DD9615EB5F08009B5E24 /* EMPreferences.m */; };
		A57C4A03158BEED300566A1C /* snippets.json in Resources */ = {isa = PBXBuildFile; fileRef = A57C4A02158BEED300566A1C /* snippets.json */; };
		A57C4A04158BEED300566A1C /* snippets.json in Resources */ = {isa = PBXBuildFile; fileRef = A57C4A02158BEED300566A1C /* snippets.json */; };
		A57C4BA0158DC6BB00566A1C /* Cocoa.framework in Frameworks */ = {isa = PBXBuildFile; fileRef = A5994E5D14BF52030067B42B /* Cocoa.framework */; };
		A57C4BA6158DC6BB00566A1C /* InfoPlist.strings in Resources */ = {isa = PBXBuildFile; fileRef = A57C4BA4158DC6BB00566A1C /* InfoPlist.strings */; };
		A57C4BB0158DC75D00566A1C /* EMCodaPlugin.m in Sources */ = {isa = PBXBuildFile; fileRef = A57C4BAD158DC75D00566A1C /* EMCodaPlugin.m */; };
		A57C4BB1158DC75D00566A1C /* EMCodaEditor.m in Sources */ = {isa = PBXBuildFile; fileRef = A57C4BAF158DC75D00566A1C /* EMCodaEditor.m */; };
		A57C4BB2158DCEB400566A1C /* JSONKit.m in Sources */ = {isa = PBXBuildFile; fileRef = A596306D1519F594000D1A01 /* JSONKit.m */; };
		A57C4BBA158DCEB400566A1C /* Emmet.m in Sources */ = {isa = PBXBuildFile; fileRef = A563EC4A14E31951009472C9 /* Emmet.m */; };
		A57C4BBB158DCEB400566A1C /* EMPromptDialogController.m in Sources */ = {isa = PBXBuildFile; fileRef = A55EC49C14EE560E00F9A09B /* EMPromptDialogController.m */; };
		A57C4BBF158DCEB400566A1C /* NSMutableDictionary+EMUtils.m in Sources */ = {isa = PBXBuildFile; fileRef = A59630671519DAE7000D1A01 /* NSMutableDictionary+EMUtils.m */; };
		A57C4BC6158DCF0A00566A1C /* PromptDialog.xib in Resources */ = {isa = PBXBuildFile; fileRef = A5AB74E514EE56BE00A59617 /* PromptDialog.xib */; };
		A57C4BCA158DCF0A00566A1C /* PreferencesDefaults.plist in Resources */ = {isa = PBXBuildFile; fileRef = A5DB23431510DABD009979C2 /* PreferencesDefaults.plist */; };
		A57C4BCB158DCF0A00566A1C /* snippets.json in Resources */ = {isa = PBXBuildFile; fileRef = A57C4A02158BEED300566A1C /* snippets.json */; };
		A57C4BCD158DCF0A00566A1C /* objc-zeneditor-wrap.js in Resources */ = {isa = PBXBuildFile; fileRef = A5EBAB7114E31437007DD2E2 /* objc-zeneditor-wrap.js */; };
		A596302D151898B8000D1A01 /* EMDefaultsKeys.h in Headers */ = {isa = PBXBuildFile; fileRef = A596302C151898B8000D1A01 /* EMDefaultsKeys.h */; settings = {ATTRIBUTES = (Public, ); }; };
		A596302F15189A08000D1A01 /* EMNotifications.h in Headers */ = {isa = PBXBuildFile; fileRef = A596302E15189A07000D1A01 /* EMNotifications.h */; };
		A59630681519DAE7000D1A01 /* NSMutableDictionary+EMUtils.h in Headers */ = {isa = PBXBuildFile; fileRef = A59630661519DAE7000D1A01 /* NSMutableDictionary+EMUtils.h */; };
		A59630691519DAE7000D1A01 /* NSMutableDictionary+EMUtils.m in Sources */ = {isa = PBXBuildFile; fileRef = A59630671519DAE7000D1A01 /* NSMutableDictionary+EMUtils.m */; };
		A596306A1519DAE7000D1A01 /* NSMutableDictionary+EMUtils.m in Sources */ = {isa = PBXBuildFile; fileRef = A59630671519DAE7000D1A01 /* NSMutableDictionary+EMUtils.m */; };
		A596306E1519F594000D1A01 /* JSONKit.h in Headers */ = {isa = PBXBuildFile; fileRef = A596306C1519F594000D1A01 /* JSONKit.h */; };
		A596306F1519F594000D1A01 /* JSONKit.m in Sources */ = {isa = PBXBuildFile; fileRef = A596306D1519F594000D1A01 /* JSONKit.m */; };
		A59630701519F594000D1A01 /* JSONKit.m in Sources */ = {isa = PBXBuildFile; fileRef = A596306D1519F594000D1A01 /* JSONKit.m */; };
		A59A5A41158FDAF2005B4EB4 /* KeyboardShortcuts.plist in Resources */ = {isa = PBXBuildFile; fileRef = A59A5A40158FDAF2005B4EB4 /* KeyboardShortcuts.plist */; };
		A5BE71DB15BF403E009CF514 /* EMJSContext.h in Headers */ = {isa = PBXBuildFile; fileRef = A5BE71DA15BF403E009CF514 /* EMJSContext.h */; };
		A5BE71E115BF43A3009CF514 /* JSCocoaDelegate.h in Headers */ = {isa = PBXBuildFile; fileRef = A5BE71DF15BF43A3009CF514 /* JSCocoaDelegate.h */; };
		A5BE71E215BF43A3009CF514 /* JSCocoaDelegate.m in Sources */ = {isa = PBXBuildFile; fileRef = A5BE71E015BF43A3009CF514 /* JSCocoaDelegate.m */; };
		A5BE71E315BF43A3009CF514 /* JSCocoaDelegate.m in Sources */ = {isa = PBXBuildFile; fileRef = A5BE71E015BF43A3009CF514 /* JSCocoaDelegate.m */; };
		A5BE71E415BF43A3009CF514 /* JSCocoaDelegate.m in Sources */ = {isa = PBXBuildFile; fileRef = A5BE71E015BF43A3009CF514 /* JSCocoaDelegate.m */; };
		A5C722C115D5A28200CDA623 /* Cocoa.framework in Frameworks */ = {isa = PBXBuildFile; fileRef = A5994E5D14BF52030067B42B /* Cocoa.framework */; };
		A5C722C715D5A28200CDA623 /* InfoPlist.strings in Resources */ = {isa = PBXBuildFile; fileRef = A5C722C515D5A28200CDA623 /* InfoPlist.strings */; };
		A5C722CF15D5A2FA00CDA623 /* EMTextmatePlugin.m in Sources */ = {isa = PBXBuildFile; fileRef = A5C722CE15D5A2FA00CDA623 /* EMTextmatePlugin.m */; };
		A5C722D015D5A77700CDA623 /* JSONKit.m in Sources */ = {isa = PBXBuildFile; fileRef = A596306D1519F594000D1A01 /* JSONKit.m */; };
		A5C722D715D5A77700CDA623 /* JSCocoaDelegate.m in Sources */ = {isa = PBXBuildFile; fileRef = A5BE71E015BF43A3009CF514 /* JSCocoaDelegate.m */; };
		A5C722D815D5A77700CDA623 /* Emmet.m in Sources */ = {isa = PBXBuildFile; fileRef = A563EC4A14E31951009472C9 /* Emmet.m */; };
		A5C722D915D5A77700CDA623 /* EMPromptDialogController.m in Sources */ = {isa = PBXBuildFile; fileRef = A55EC49C14EE560E00F9A09B /* EMPromptDialogController.m */; };
		A5C722DB15D5A77700CDA623 /* NSMutableDictionary+EMUtils.m in Sources */ = {isa = PBXBuildFile; fileRef = A59630671519DAE7000D1A01 /* NSMutableDictionary+EMUtils.m */; };
		A5C722DC15D5A77700CDA623 /* EmmetFile.m in Sources */ = {isa = PBXBuildFile; fileRef = A562B88C1595007C007F9044 /* EmmetFile.m */; };
		A5C722DD15D5A77700CDA623 /* EMUserDataLoader.m in Sources */ = {isa = PBXBuildFile; fileRef = A5E85FB315C8821C001302EA /* EMUserDataLoader.m */; };
		A5C722E215D5A7CD00CDA623 /* PromptDialog.xib in Resources */ = {isa = PBXBuildFile; fileRef = A5AB74E514EE56BE00A59617 /* PromptDialog.xib */; };
		A5C722E315D5A7CD00CDA623 /* PreferencesDefaults.plist in Resources */ = {isa = PBXBuildFile; fileRef = A5DB23431510DABD009979C2 /* PreferencesDefaults.plist */; };
		A5C722E415D5A7CD00CDA623 /* snippets.json in Resources */ = {isa = PBXBuildFile; fileRef = A57C4A02158BEED300566A1C /* snippets.json */; };
		A5C722E615D5A7CD00CDA623 /* objc-zeneditor-wrap.js in Resources */ = {isa = PBXBuildFile; fileRef = A5EBAB7114E31437007DD2E2 /* objc-zeneditor-wrap.js */; };
		A5C722E715D5A7CD00CDA623 /* file-interface.js in Resources */ = {isa = PBXBuildFile; fileRef = A562B8921595022F007F9044 /* file-interface.js */; };
		A5C722EE15D6CB0E00CDA623 /* EMTextMateEditor.m in Sources */ = {isa = PBXBuildFile; fileRef = A5C722ED15D6CB0E00CDA623 /* EMTextMateEditor.m */; };
		A5D2751014F000FA00B3816D /* Cocoa.framework in Frameworks */ = {isa = PBXBuildFile; fileRef = A5994E5D14BF52030067B42B /* Cocoa.framework */; };
		A5D2751614F000FA00B3816D /* InfoPlist.strings in Resources */ = {isa = PBXBuildFile; fileRef = A5D2751414F000FA00B3816D /* InfoPlist.strings */; };
		A5D2751814F000FA00B3816D /* main.m in Sources */ = {isa = PBXBuildFile; fileRef = A5D2751714F000FA00B3816D /* main.m */; };
		A5D2751C14F000FA00B3816D /* Credits.rtf in Resources */ = {isa = PBXBuildFile; fileRef = A5D2751A14F000FA00B3816D /* Credits.rtf */; };
		A5D2751F14F000FA00B3816D /* ZenCodingSampleAppDelegate.m in Sources */ = {isa = PBXBuildFile; fileRef = A5D2751E14F000FA00B3816D /* ZenCodingSampleAppDelegate.m */; };
		A5D2752214F000FA00B3816D /* MainMenu.xib in Resources */ = {isa = PBXBuildFile; fileRef = A5D2752014F000FA00B3816D /* MainMenu.xib */; };
		A5D2753014F001A400B3816D /* Emmet.m in Sources */ = {isa = PBXBuildFile; fileRef = A563EC4A14E31951009472C9 /* Emmet.m */; };
		A5D2753114F001A400B3816D /* EMPromptDialogController.m in Sources */ = {isa = PBXBuildFile; fileRef = A55EC49C14EE560E00F9A09B /* EMPromptDialogController.m */; };
		A5D2753214F0041000B3816D /* PromptDialog.xib in Resources */ = {isa = PBXBuildFile; fileRef = A5AB74E514EE56BE00A59617 /* PromptDialog.xib */; };
		A5D2753414F0041800B3816D /* objc-zeneditor-wrap.js in Resources */ = {isa = PBXBuildFile; fileRef = A5EBAB7114E31437007DD2E2 /* objc-zeneditor-wrap.js */; };
		A5D2753E14F004A800B3816D /* Cocoa.framework in Frameworks */ = {isa = PBXBuildFile; fileRef = A5994E5D14BF52030067B42B /* Cocoa.framework */; };
		A5D2755314F0052D00B3816D /* EMPromptDialogController.m in Sources */ = {isa = PBXBuildFile; fileRef = A55EC49C14EE560E00F9A09B /* EMPromptDialogController.m */; };
		A5D2755714F0055200B3816D /* Emmet.h in Headers */ = {isa = PBXBuildFile; fileRef = A563EC4914E31951009472C9 /* Emmet.h */; settings = {ATTRIBUTES = (Public, ); }; };
		A5D2755814F0055C00B3816D /* EMPromptDialogController.h in Headers */ = {isa = PBXBuildFile; fileRef = A55EC49B14EE560E00F9A09B /* EMPromptDialogController.h */; settings = {ATTRIBUTES = (Public, ); }; };
		A5D2755D14F0057700B3816D /* objc-zeneditor-wrap.js in Resources */ = {isa = PBXBuildFile; fileRef = A5EBAB7114E31437007DD2E2 /* objc-zeneditor-wrap.js */; };
		A5D2755E14F0057B00B3816D /* PromptDialog.xib in Resources */ = {isa = PBXBuildFile; fileRef = A5AB74E514EE56BE00A59617 /* PromptDialog.xib */; };
		A5D2755F14F006A500B3816D /* Emmet.m in Sources */ = {isa = PBXBuildFile; fileRef = A563EC4A14E31951009472C9 /* Emmet.m */; };
		A5D2757714F009B100B3816D /* Emmet-Info.plist in Resources */ = {isa = PBXBuildFile; fileRef = A5D2757514F009B100B3816D /* Emmet-Info.plist */; };
		A5D2757914F009B100B3816D /* Emmet-Prefix.pch in Headers */ = {isa = PBXBuildFile; fileRef = A5D2757614F009B100B3816D /* Emmet-Prefix.pch */; };
		A5D2757C14F009D700B3816D /* InfoPlist.strings in Resources */ = {isa = PBXBuildFile; fileRef = A5D2757A14F009D700B3816D /* InfoPlist.strings */; };
		A5D2757D14F009D700B3816D /* InfoPlist.strings in Resources */ = {isa = PBXBuildFile; fileRef = A5D2757A14F009D700B3816D /* InfoPlist.strings */; };
		A5DB23441510DABD009979C2 /* PreferencesDefaults.plist in Resources */ = {isa = PBXBuildFile; fileRef = A5DB23431510DABD009979C2 /* PreferencesDefaults.plist */; };
		A5DB23451510DABD009979C2 /* PreferencesDefaults.plist in Resources */ = {isa = PBXBuildFile; fileRef = A5DB23431510DABD009979C2 /* PreferencesDefaults.plist */; };
		A5E85FB415C8821C001302EA /* EMUserDataLoader.h in Headers */ = {isa = PBXBuildFile; fileRef = A5E85FB215C8821C001302EA /* EMUserDataLoader.h */; };
		A5E85FB515C8821C001302EA /* EMUserDataLoader.m in Sources */ = {isa = PBXBuildFile; fileRef = A5E85FB315C8821C001302EA /* EMUserDataLoader.m */; };
		A5E85FB615C8821C001302EA /* EMUserDataLoader.m in Sources */ = {isa = PBXBuildFile; fileRef = A5E85FB315C8821C001302EA /* EMUserDataLoader.m */; };
		A5E85FE215CB2743001302EA /* ZCSnippetsPreferencesDataSource.h in Headers */ = {isa = PBXBuildFile; fileRef = A5E85FDD15CB2743001302EA /* ZCSnippetsPreferencesDataSource.h */; };
		A5E85FE415CB2743001302EA /* ZCSnippetsPreferencesDataSource.m in Sources */ = {isa = PBXBuildFile; fileRef = A5E85FDE15CB2743001302EA /* ZCSnippetsPreferencesDataSource.m */; };
		A5E85FE515CB2743001302EA /* ZCSnippetsPreferencesWindow.h in Headers */ = {isa = PBXBuildFile; fileRef = A5E85FDF15CB2743001302EA /* ZCSnippetsPreferencesWindow.h */; };
		A5E85FE715CB2743001302EA /* ZCSnippetsPreferencesWindow.m in Sources */ = {isa = PBXBuildFile; fileRef = A5E85FE015CB2743001302EA /* ZCSnippetsPreferencesWindow.m */; };
		A5E85FE915CB2743001302EA /* ZCSnippetsPreferencesWindow.xib in Resources */ = {isa = PBXBuildFile; fileRef = A5E85FE115CB2743001302EA /* ZCSnippetsPreferencesWindow.xib */; };
		A5E85FFC15CB28A1001302EA /* Preferences.xib in Resources */ = {isa = PBXBuildFile; fileRef = A5E85FEB15CB28A1001302EA /* Preferences.xib */; };
		A5E85FFE15CB28A1001302EA /* SnippetEditor.xib in Resources */ = {isa = PBXBuildFile; fileRef = A5E85FEC15CB28A1001302EA /* SnippetEditor.xib */; };
		A5E8600015CB28A1001302EA /* VariableEditor.xib in Resources */ = {isa = PBXBuildFile; fileRef = A5E85FED15CB28A1001302EA /* VariableEditor.xib */; };
		A5E8600115CB28A1001302EA /* ZenCodingCorePreferencesController.h in Headers */ = {isa = PBXBuildFile; fileRef = A5E85FEE15CB28A1001302EA /* ZenCodingCorePreferencesController.h */; };
		A5E8600315CB28A1001302EA /* ZenCodingCorePreferencesController.m in Sources */ = {isa = PBXBuildFile; fileRef = A5E85FEF15CB28A1001302EA /* ZenCodingCorePreferencesController.m */; };
		A5E8600415CB28A1001302EA /* ZenCodingPreferences.h in Headers */ = {isa = PBXBuildFile; fileRef = A5E85FF015CB28A1001302EA /* ZenCodingPreferences.h */; };
		A5E8600615CB28A1001302EA /* ZenCodingPreferences.m in Sources */ = {isa = PBXBuildFile; fileRef = A5E85FF115CB28A1001302EA /* ZenCodingPreferences.m */; };
		A5E8600715CB28A1001302EA /* ZenCodingSnippetEditor.h in Headers */ = {isa = PBXBuildFile; fileRef = A5E85FF215CB28A1001302EA /* ZenCodingSnippetEditor.h */; };
		A5E8600915CB28A1001302EA /* ZenCodingSnippetEditor.m in Sources */ = {isa = PBXBuildFile; fileRef = A5E85FF315CB28A1001302EA /* ZenCodingSnippetEditor.m */; };
		A5E8600A15CB28A1001302EA /* EMArrayTransformer.h in Headers */ = {isa = PBXBuildFile; fileRef = A5E85FF515CB28A1001302EA /* EMArrayTransformer.h */; };
		A5E8600B15CB28A1001302EA /* EMArrayTransformer.m in Sources */ = {isa = PBXBuildFile; fileRef = A5E85FF615CB28A1001302EA /* EMArrayTransformer.m */; };
		A5E8600C15CB28A1001302EA /* EMArrayTransformer.m in Sources */ = {isa = PBXBuildFile; fileRef = A5E85FF615CB28A1001302EA /* EMArrayTransformer.m */; };
		A5E8600D15CB28A1001302EA /* EMSyntaxNameTransformer.h in Headers */ = {isa = PBXBuildFile; fileRef = A5E85FF715CB28A1001302EA /* EMSyntaxNameTransformer.h */; };
		A5E8600E15CB28A1001302EA /* EMSyntaxNameTransformer.m in Sources */ = {isa = PBXBuildFile; fileRef = A5E85FF815CB28A1001302EA /* EMSyntaxNameTransformer.m */; };
		A5E8600F15CB28A1001302EA /* EMSyntaxNameTransformer.m in Sources */ = {isa = PBXBuildFile; fileRef = A5E85FF815CB28A1001302EA /* EMSyntaxNameTransformer.m */; };
		A5E8601015CB28A1001302EA /* EMTildePathTransformer.h in Headers */ = {isa = PBXBuildFile; fileRef = A5E85FF915CB28A1001302EA /* EMTildePathTransformer.h */; };
		A5E8601115CB28A1001302EA /* EMTildePathTransformer.m in Sources */ = {isa = PBXBuildFile; fileRef = A5E85FFA15CB28A1001302EA /* EMTildePathTransformer.m */; };
		A5E8601215CB28A1001302EA /* EMTildePathTransformer.m in Sources */ = {isa = PBXBuildFile; fileRef = A5E85FFA15CB28A1001302EA /* EMTildePathTransformer.m */; };
		A5E8601415CB2989001302EA /* BasicPreferences.xib in Resources */ = {isa = PBXBuildFile; fileRef = A5E8601315CB2989001302EA /* BasicPreferences.xib */; };
		A5E8601515CB2989001302EA /* BasicPreferences.xib in Resources */ = {isa = PBXBuildFile; fileRef = A5E8601315CB2989001302EA /* BasicPreferences.xib */; };
		A5E8601915CB2A46001302EA /* EMBasicPreferencesWindowController.h in Headers */ = {isa = PBXBuildFile; fileRef = A5E8601715CB2A46001302EA /* EMBasicPreferencesWindowController.h */; };
		A5E8601A15CB2A46001302EA /* EMBasicPreferencesWindowController.m in Sources */ = {isa = PBXBuildFile; fileRef = A5E8601815CB2A46001302EA /* EMBasicPreferencesWindowController.m */; };
		A5E8601B15CB2A46001302EA /* EMBasicPreferencesWindowController.m in Sources */ = {isa = PBXBuildFile; fileRef = A5E8601815CB2A46001302EA /* EMBasicPreferencesWindowController.m */; };
/* End PBXBuildFile section */

/* Begin PBXCopyFilesBuildPhase section */
		A566BFE6161F595D006ABFB0 /* CopyFiles */ = {
			isa = PBXCopyFilesBuildPhase;
			buildActionMask = 2147483647;
			dstPath = "";
			dstSubfolderSpec = 10;
			files = (
				A566BFE7161F5991006ABFB0 /* JSCocoa.framework in CopyFiles */,
			);
			runOnlyForDeploymentPostprocessing = 0;
		};
		A566BFE9161F5E91006ABFB0 /* CopyFiles */ = {
			isa = PBXCopyFilesBuildPhase;
			buildActionMask = 2147483647;
			dstPath = "";
			dstSubfolderSpec = 10;
			files = (
				A566BFEA161F5E9A006ABFB0 /* JSCocoa.framework in CopyFiles */,
			);
			runOnlyForDeploymentPostprocessing = 0;
		};
		A566BFEC161F5EAC006ABFB0 /* CopyFiles */ = {
			isa = PBXCopyFilesBuildPhase;
			buildActionMask = 2147483647;
			dstPath = "";
			dstSubfolderSpec = 10;
			files = (
				A566BFED161F5EB4006ABFB0 /* JSCocoa.framework in CopyFiles */,
			);
			runOnlyForDeploymentPostprocessing = 0;
		};
		A566BFEF161F5ED2006ABFB0 /* CopyFiles */ = {
			isa = PBXCopyFilesBuildPhase;
			buildActionMask = 2147483647;
			dstPath = "";
			dstSubfolderSpec = 10;
			files = (
				A566BFF0161F5EDD006ABFB0 /* JSCocoa.framework in CopyFiles */,
			);
			runOnlyForDeploymentPostprocessing = 0;
		};
/* End PBXCopyFilesBuildPhase section */

/* Begin PBXFileReference section */
		A5224A3A15EE6D2700AE6103 /* EmmetEditor.h */ = {isa = PBXFileReference; fileEncoding = 4; lastKnownFileType = sourcecode.c.h; path = EmmetEditor.h; sourceTree = "<group>"; };
		A5224A3C15EE6D9200AE6103 /* NSTextView+EmmetEditor.m */ = {isa = PBXFileReference; fileEncoding = 4; lastKnownFileType = sourcecode.c.objc; path = "NSTextView+EmmetEditor.m"; sourceTree = "<group>"; };
		A5224A3D15EE6D9200AE6103 /* NSTextView+EmmetEditor.h */ = {isa = PBXFileReference; fileEncoding = 4; lastKnownFileType = sourcecode.c.h; path = "NSTextView+EmmetEditor.h"; sourceTree = "<group>"; };
		A55EC49B14EE560E00F9A09B /* EMPromptDialogController.h */ = {isa = PBXFileReference; fileEncoding = 4; lastKnownFileType = sourcecode.c.h; path = EMPromptDialogController.h; sourceTree = "<group>"; };
		A55EC49C14EE560E00F9A09B /* EMPromptDialogController.m */ = {isa = PBXFileReference; fileEncoding = 4; lastKnownFileType = sourcecode.c.objc; path = EMPromptDialogController.m; sourceTree = "<group>"; };
		A562B88B1595007C007F9044 /* EmmetFile.h */ = {isa = PBXFileReference; fileEncoding = 4; lastKnownFileType = sourcecode.c.h; path = EmmetFile.h; sourceTree = "<group>"; };
		A562B88C1595007C007F9044 /* EmmetFile.m */ = {isa = PBXFileReference; fileEncoding = 4; lastKnownFileType = sourcecode.c.objc; path = EmmetFile.m; sourceTree = "<group>"; };
		A562B8921595022F007F9044 /* file-interface.js */ = {isa = PBXFileReference; fileEncoding = 4; lastKnownFileType = sourcecode.javascript; path = "file-interface.js"; sourceTree = "<group>"; };
		A563EC4914E31951009472C9 /* Emmet.h */ = {isa = PBXFileReference; fileEncoding = 4; lastKnownFileType = sourcecode.c.h; path = Emmet.h; sourceTree = "<group>"; };
		A563EC4A14E31951009472C9 /* Emmet.m */ = {isa = PBXFileReference; fileEncoding = 4; lastKnownFileType = sourcecode.c.objc; path = Emmet.m; sourceTree = "<group>"; };
		A566BFE3161F58A2006ABFB0 /* JSCocoa.framework */ = {isa = PBXFileReference; lastKnownFileType = wrapper.framework; name = JSCocoa.framework; path = Frameworks/JSCocoa.framework; sourceTree = "<group>"; };
		A56992E515D9091500D97C27 /* textmate-bootstrap.js */ = {isa = PBXFileReference; fileEncoding = 4; lastKnownFileType = sourcecode.javascript; path = "textmate-bootstrap.js"; sourceTree = "<group>"; };
		A56992E815D90F2100D97C27 /* KeyboardShortcuts.plist */ = {isa = PBXFileReference; fileEncoding = 4; lastKnownFileType = text.plist.xml; path = KeyboardShortcuts.plist; sourceTree = "<group>"; };
		A576DD4715E83213009B5E24 /* emmet-app.js */ = {isa = PBXFileReference; fileEncoding = 4; lastKnownFileType = sourcecode.javascript; path = "emmet-app.js"; sourceTree = "<group>"; };
		A576DD5115E91267009B5E24 /* Emmet.sugar */ = {isa = PBXFileReference; explicitFileType = wrapper.cfbundle; includeInIndex = 0; path = Emmet.sugar; sourceTree = BUILT_PRODUCTS_DIR; };
		A576DD5515E91267009B5E24 /* Prefix.pch */ = {isa = PBXFileReference; lastKnownFileType = sourcecode.c.h; path = Prefix.pch; sourceTree = "<group>"; };
		A576DD5615E91267009B5E24 /* Info.plist */ = {isa = PBXFileReference; lastKnownFileType = text.plist.xml; path = Info.plist; sourceTree = "<group>"; };
		A576DD5F15E9256F009B5E24 /* EMGenericAction.h */ = {isa = PBXFileReference; fileEncoding = 4; lastKnownFileType = sourcecode.c.h; path = EMGenericAction.h; sourceTree = "<group>"; };
		A576DD6015E9256F009B5E24 /* EMGenericAction.m */ = {isa = PBXFileReference; fileEncoding = 4; lastKnownFileType = sourcecode.c.objc; path = EMGenericAction.m; sourceTree = "<group>"; };
		A576DD6315E92918009B5E24 /* Actions.xml */ = {isa = PBXFileReference; fileEncoding = 4; lastKnownFileType = text.xml; path = Actions.xml; sourceTree = "<group>"; };
		A576DD6415E92918009B5E24 /* Categories.xml */ = {isa = PBXFileReference; fileEncoding = 4; lastKnownFileType = text.xml; path = Categories.xml; sourceTree = "<group>"; };
		A576DD7215E92DE0009B5E24 /* EMEspressoEditor.h */ = {isa = PBXFileReference; fileEncoding = 4; lastKnownFileType = sourcecode.c.h; path = EMEspressoEditor.h; sourceTree = "<group>"; };
		A576DD7315E92DE0009B5E24 /* EMEspressoEditor.m */ = {isa = PBXFileReference; fileEncoding = 4; lastKnownFileType = sourcecode.c.objc; path = EMEspressoEditor.m; sourceTree = "<group>"; };
		A576DD9515EB5F08009B5E24 /* EMPreferences.h */ = {isa = PBXFileReference; fileEncoding = 4; lastKnownFileType = sourcecode.c.h; path = EMPreferences.h; sourceTree = "<group>"; };
		A576DD9615EB5F08009B5E24 /* EMPreferences.m */ = {isa = PBXFileReference; fileEncoding = 4; lastKnownFileType = sourcecode.c.objc; path = EMPreferences.m; sourceTree = "<group>"; };
		A57C4A02158BEED300566A1C /* snippets.json */ = {isa = PBXFileReference; fileEncoding = 4; lastKnownFileType = text.json; path = snippets.json; sourceTree = "<group>"; };
		A57C4B9F158DC6BB00566A1C /* Emmet.codaplugin */ = {isa = PBXFileReference; explicitFileType = wrapper.cfbundle; includeInIndex = 0; path = Emmet.codaplugin; sourceTree = BUILT_PRODUCTS_DIR; };
		A57C4BA3158DC6BB00566A1C /* CodaPlugin-Info.plist */ = {isa = PBXFileReference; lastKnownFileType = text.plist.xml; path = "CodaPlugin-Info.plist"; sourceTree = "<group>"; };
		A57C4BA5158DC6BB00566A1C /* en */ = {isa = PBXFileReference; lastKnownFileType = text.plist.strings; name = en; path = en.lproj/InfoPlist.strings; sourceTree = "<group>"; };
		A57C4BA7158DC6BB00566A1C /* CodaPlugin-Prefix.pch */ = {isa = PBXFileReference; lastKnownFileType = sourcecode.c.h; path = "CodaPlugin-Prefix.pch"; sourceTree = "<group>"; };
		A57C4BAB158DC75D00566A1C /* CodaPlugInsController.h */ = {isa = PBXFileReference; fileEncoding = 4; lastKnownFileType = sourcecode.c.h; path = CodaPlugInsController.h; sourceTree = "<group>"; };
		A57C4BAC158DC75D00566A1C /* EMCodaPlugin.h */ = {isa = PBXFileReference; fileEncoding = 4; lastKnownFileType = sourcecode.c.h; path = EMCodaPlugin.h; sourceTree = "<group>"; };
		A57C4BAD158DC75D00566A1C /* EMCodaPlugin.m */ = {isa = PBXFileReference; fileEncoding = 4; lastKnownFileType = sourcecode.c.objc; path = EMCodaPlugin.m; sourceTree = "<group>"; };
		A57C4BAE158DC75D00566A1C /* EMCodaEditor.h */ = {isa = PBXFileReference; fileEncoding = 4; lastKnownFileType = sourcecode.c.h; path = EMCodaEditor.h; sourceTree = "<group>"; };
		A57C4BAF158DC75D00566A1C /* EMCodaEditor.m */ = {isa = PBXFileReference; fileEncoding = 4; lastKnownFileType = sourcecode.c.objc; path = EMCodaEditor.m; sourceTree = "<group>"; };
		A596302C151898B8000D1A01 /* EMDefaultsKeys.h */ = {isa = PBXFileReference; fileEncoding = 4; lastKnownFileType = sourcecode.c.h; path = EMDefaultsKeys.h; sourceTree = "<group>"; };
		A596302E15189A07000D1A01 /* EMNotifications.h */ = {isa = PBXFileReference; fileEncoding = 4; lastKnownFileType = sourcecode.c.h; path = EMNotifications.h; sourceTree = "<group>"; };
		A59630661519DAE7000D1A01 /* NSMutableDictionary+EMUtils.h */ = {isa = PBXFileReference; fileEncoding = 4; lastKnownFileType = sourcecode.c.h; path = "NSMutableDictionary+EMUtils.h"; sourceTree = "<group>"; };
		A59630671519DAE7000D1A01 /* NSMutableDictionary+EMUtils.m */ = {isa = PBXFileReference; fileEncoding = 4; lastKnownFileType = sourcecode.c.objc; path = "NSMutableDictionary+EMUtils.m"; sourceTree = "<group>"; };
		A596306C1519F594000D1A01 /* JSONKit.h */ = {isa = PBXFileReference; fileEncoding = 4; lastKnownFileType = sourcecode.c.h; path = JSONKit.h; sourceTree = "<group>"; };
		A596306D1519F594000D1A01 /* JSONKit.m */ = {isa = PBXFileReference; fileEncoding = 4; lastKnownFileType = sourcecode.c.objc; path = JSONKit.m; sourceTree = "<group>"; };
		A5994E5D14BF52030067B42B /* Cocoa.framework */ = {isa = PBXFileReference; lastKnownFileType = wrapper.framework; name = Cocoa.framework; path = System/Library/Frameworks/Cocoa.framework; sourceTree = SDKROOT; };
		A5994E6014BF52030067B42B /* AppKit.framework */ = {isa = PBXFileReference; lastKnownFileType = wrapper.framework; name = AppKit.framework; path = System/Library/Frameworks/AppKit.framework; sourceTree = SDKROOT; };
		A5994E6114BF52030067B42B /* CoreData.framework */ = {isa = PBXFileReference; lastKnownFileType = wrapper.framework; name = CoreData.framework; path = System/Library/Frameworks/CoreData.framework; sourceTree = SDKROOT; };
		A5994E6214BF52030067B42B /* Foundation.framework */ = {isa = PBXFileReference; lastKnownFileType = wrapper.framework; name = Foundation.framework; path = System/Library/Frameworks/Foundation.framework; sourceTree = SDKROOT; };
		A5994E7A14BF52140067B42B /* Carbon.framework */ = {isa = PBXFileReference; lastKnownFileType = wrapper.framework; name = Carbon.framework; path = System/Library/Frameworks/Carbon.framework; sourceTree = SDKROOT; };
		A59A5A40158FDAF2005B4EB4 /* KeyboardShortcuts.plist */ = {isa = PBXFileReference; fileEncoding = 4; lastKnownFileType = text.plist.xml; path = KeyboardShortcuts.plist; sourceTree = "<group>"; };
		A5AB74E514EE56BE00A59617 /* PromptDialog.xib */ = {isa = PBXFileReference; fileEncoding = 4; lastKnownFileType = file.xib; path = PromptDialog.xib; sourceTree = "<group>"; };
		A5BE71DA15BF403E009CF514 /* EMJSContext.h */ = {isa = PBXFileReference; fileEncoding = 4; lastKnownFileType = sourcecode.c.h; path = EMJSContext.h; sourceTree = "<group>"; };
		A5BE71DF15BF43A3009CF514 /* JSCocoaDelegate.h */ = {isa = PBXFileReference; fileEncoding = 4; lastKnownFileType = sourcecode.c.h; path = JSCocoaDelegate.h; sourceTree = "<group>"; };
		A5BE71E015BF43A3009CF514 /* JSCocoaDelegate.m */ = {isa = PBXFileReference; fileEncoding = 4; lastKnownFileType = sourcecode.c.objc; path = JSCocoaDelegate.m; sourceTree = "<group>"; };
		A5C722C015D5A28200CDA623 /* Emmet.tmplugin */ = {isa = PBXFileReference; explicitFileType = wrapper.cfbundle; includeInIndex = 0; path = Emmet.tmplugin; sourceTree = BUILT_PRODUCTS_DIR; };
		A5C722C415D5A28200CDA623 /* TextMatePlugin-Info.plist */ = {isa = PBXFileReference; lastKnownFileType = text.plist.xml; path = "TextMatePlugin-Info.plist"; sourceTree = "<group>"; };
		A5C722C615D5A28200CDA623 /* en */ = {isa = PBXFileReference; lastKnownFileType = text.plist.strings; name = en; path = en.lproj/InfoPlist.strings; sourceTree = "<group>"; };
		A5C722C815D5A28200CDA623 /* TextMatePlugin-Prefix.pch */ = {isa = PBXFileReference; lastKnownFileType = sourcecode.c.h; path = "TextMatePlugin-Prefix.pch"; sourceTree = "<group>"; };
		A5C722CD15D5A2FA00CDA623 /* EMTextmatePlugin.h */ = {isa = PBXFileReference; fileEncoding = 4; lastKnownFileType = sourcecode.c.h; path = EMTextmatePlugin.h; sourceTree = "<group>"; };
		A5C722CE15D5A2FA00CDA623 /* EMTextmatePlugin.m */ = {isa = PBXFileReference; fileEncoding = 4; lastKnownFileType = sourcecode.c.objc; path = EMTextmatePlugin.m; sourceTree = "<group>"; };
		A5C722E815D5AA3900CDA623 /* OakTextView.h */ = {isa = PBXFileReference; fileEncoding = 4; lastKnownFileType = sourcecode.c.h; path = OakTextView.h; sourceTree = "<group>"; };
		A5C722EC15D6CB0E00CDA623 /* EMTextMateEditor.h */ = {isa = PBXFileReference; fileEncoding = 4; lastKnownFileType = sourcecode.c.h; path = EMTextMateEditor.h; sourceTree = "<group>"; };
		A5C722ED15D6CB0E00CDA623 /* EMTextMateEditor.m */ = {isa = PBXFileReference; fileEncoding = 4; lastKnownFileType = sourcecode.c.objc; path = EMTextMateEditor.m; sourceTree = "<group>"; };
		A5D2750E14F000FA00B3816D /* EmmetSample.app */ = {isa = PBXFileReference; explicitFileType = wrapper.application; includeInIndex = 0; path = EmmetSample.app; sourceTree = BUILT_PRODUCTS_DIR; };
		A5D2751314F000FA00B3816D /* EmmetSample-Info.plist */ = {isa = PBXFileReference; lastKnownFileType = text.plist.xml; path = "EmmetSample-Info.plist"; sourceTree = "<group>"; };
		A5D2751514F000FA00B3816D /* en */ = {isa = PBXFileReference; lastKnownFileType = text.plist.strings; name = en; path = en.lproj/InfoPlist.strings; sourceTree = "<group>"; };
		A5D2751714F000FA00B3816D /* main.m */ = {isa = PBXFileReference; lastKnownFileType = sourcecode.c.objc; path = main.m; sourceTree = "<group>"; };
		A5D2751914F000FA00B3816D /* EmmetSample-Prefix.pch */ = {isa = PBXFileReference; lastKnownFileType = sourcecode.c.h; path = "EmmetSample-Prefix.pch"; sourceTree = "<group>"; };
		A5D2751B14F000FA00B3816D /* en */ = {isa = PBXFileReference; lastKnownFileType = text.rtf; name = en; path = en.lproj/Credits.rtf; sourceTree = "<group>"; };
		A5D2751D14F000FA00B3816D /* ZenCodingSampleAppDelegate.h */ = {isa = PBXFileReference; lastKnownFileType = sourcecode.c.h; path = ZenCodingSampleAppDelegate.h; sourceTree = "<group>"; };
		A5D2751E14F000FA00B3816D /* ZenCodingSampleAppDelegate.m */ = {isa = PBXFileReference; lastKnownFileType = sourcecode.c.objc; path = ZenCodingSampleAppDelegate.m; sourceTree = "<group>"; };
		A5D2752114F000FA00B3816D /* en */ = {isa = PBXFileReference; lastKnownFileType = file.xib; name = en; path = en.lproj/MainMenu.xib; sourceTree = "<group>"; };
		A5D2753D14F004A800B3816D /* Emmet.framework */ = {isa = PBXFileReference; explicitFileType = wrapper.framework; includeInIndex = 0; path = Emmet.framework; sourceTree = BUILT_PRODUCTS_DIR; };
		A5D2757514F009B100B3816D /* Emmet-Info.plist */ = {isa = PBXFileReference; fileEncoding = 4; lastKnownFileType = text.plist.xml; path = "Emmet-Info.plist"; sourceTree = "<group>"; };
		A5D2757614F009B100B3816D /* Emmet-Prefix.pch */ = {isa = PBXFileReference; fileEncoding = 4; lastKnownFileType = sourcecode.c.h; path = "Emmet-Prefix.pch"; sourceTree = "<group>"; };
		A5D2757B14F009D700B3816D /* en */ = {isa = PBXFileReference; lastKnownFileType = text.plist.strings; name = en; path = en.lproj/InfoPlist.strings; sourceTree = "<group>"; };
		A5DB23431510DABD009979C2 /* PreferencesDefaults.plist */ = {isa = PBXFileReference; fileEncoding = 4; lastKnownFileType = text.plist.xml; path = PreferencesDefaults.plist; sourceTree = "<group>"; };
		A5E85FB215C8821C001302EA /* EMUserDataLoader.h */ = {isa = PBXFileReference; fileEncoding = 4; lastKnownFileType = sourcecode.c.h; path = EMUserDataLoader.h; sourceTree = "<group>"; };
		A5E85FB315C8821C001302EA /* EMUserDataLoader.m */ = {isa = PBXFileReference; fileEncoding = 4; lastKnownFileType = sourcecode.c.objc; path = EMUserDataLoader.m; sourceTree = "<group>"; };
		A5E85FDD15CB2743001302EA /* ZCSnippetsPreferencesDataSource.h */ = {isa = PBXFileReference; fileEncoding = 4; lastKnownFileType = sourcecode.c.h; path = ZCSnippetsPreferencesDataSource.h; sourceTree = "<group>"; };
		A5E85FDE15CB2743001302EA /* ZCSnippetsPreferencesDataSource.m */ = {isa = PBXFileReference; fileEncoding = 4; lastKnownFileType = sourcecode.c.objc; path = ZCSnippetsPreferencesDataSource.m; sourceTree = "<group>"; };
		A5E85FDF15CB2743001302EA /* ZCSnippetsPreferencesWindow.h */ = {isa = PBXFileReference; fileEncoding = 4; lastKnownFileType = sourcecode.c.h; path = ZCSnippetsPreferencesWindow.h; sourceTree = "<group>"; };
		A5E85FE015CB2743001302EA /* ZCSnippetsPreferencesWindow.m */ = {isa = PBXFileReference; fileEncoding = 4; lastKnownFileType = sourcecode.c.objc; path = ZCSnippetsPreferencesWindow.m; sourceTree = "<group>"; };
		A5E85FE115CB2743001302EA /* ZCSnippetsPreferencesWindow.xib */ = {isa = PBXFileReference; fileEncoding = 4; lastKnownFileType = file.xib; path = ZCSnippetsPreferencesWindow.xib; sourceTree = "<group>"; };
		A5E85FEB15CB28A1001302EA /* Preferences.xib */ = {isa = PBXFileReference; fileEncoding = 4; lastKnownFileType = file.xib; path = Preferences.xib; sourceTree = "<group>"; };
		A5E85FEC15CB28A1001302EA /* SnippetEditor.xib */ = {isa = PBXFileReference; fileEncoding = 4; lastKnownFileType = file.xib; path = SnippetEditor.xib; sourceTree = "<group>"; };
		A5E85FED15CB28A1001302EA /* VariableEditor.xib */ = {isa = PBXFileReference; fileEncoding = 4; lastKnownFileType = file.xib; path = VariableEditor.xib; sourceTree = "<group>"; };
		A5E85FEE15CB28A1001302EA /* ZenCodingCorePreferencesController.h */ = {isa = PBXFileReference; fileEncoding = 4; lastKnownFileType = sourcecode.c.h; path = ZenCodingCorePreferencesController.h; sourceTree = "<group>"; };
		A5E85FEF15CB28A1001302EA /* ZenCodingCorePreferencesController.m */ = {isa = PBXFileReference; fileEncoding = 4; lastKnownFileType = sourcecode.c.objc; path = ZenCodingCorePreferencesController.m; sourceTree = "<group>"; };
		A5E85FF015CB28A1001302EA /* ZenCodingPreferences.h */ = {isa = PBXFileReference; fileEncoding = 4; lastKnownFileType = sourcecode.c.h; path = ZenCodingPreferences.h; sourceTree = "<group>"; };
		A5E85FF115CB28A1001302EA /* ZenCodingPreferences.m */ = {isa = PBXFileReference; fileEncoding = 4; lastKnownFileType = sourcecode.c.objc; path = ZenCodingPreferences.m; sourceTree = "<group>"; };
		A5E85FF215CB28A1001302EA /* ZenCodingSnippetEditor.h */ = {isa = PBXFileReference; fileEncoding = 4; lastKnownFileType = sourcecode.c.h; path = ZenCodingSnippetEditor.h; sourceTree = "<group>"; };
		A5E85FF315CB28A1001302EA /* ZenCodingSnippetEditor.m */ = {isa = PBXFileReference; fileEncoding = 4; lastKnownFileType = sourcecode.c.objc; path = ZenCodingSnippetEditor.m; sourceTree = "<group>"; };
		A5E85FF515CB28A1001302EA /* EMArrayTransformer.h */ = {isa = PBXFileReference; fileEncoding = 4; lastKnownFileType = sourcecode.c.h; path = EMArrayTransformer.h; sourceTree = "<group>"; };
		A5E85FF615CB28A1001302EA /* EMArrayTransformer.m */ = {isa = PBXFileReference; fileEncoding = 4; lastKnownFileType = sourcecode.c.objc; path = EMArrayTransformer.m; sourceTree = "<group>"; };
		A5E85FF715CB28A1001302EA /* EMSyntaxNameTransformer.h */ = {isa = PBXFileReference; fileEncoding = 4; lastKnownFileType = sourcecode.c.h; path = EMSyntaxNameTransformer.h; sourceTree = "<group>"; };
		A5E85FF815CB28A1001302EA /* EMSyntaxNameTransformer.m */ = {isa = PBXFileReference; fileEncoding = 4; lastKnownFileType = sourcecode.c.objc; path = EMSyntaxNameTransformer.m; sourceTree = "<group>"; };
		A5E85FF915CB28A1001302EA /* EMTildePathTransformer.h */ = {isa = PBXFileReference; fileEncoding = 4; lastKnownFileType = sourcecode.c.h; path = EMTildePathTransformer.h; sourceTree = "<group>"; };
		A5E85FFA15CB28A1001302EA /* EMTildePathTransformer.m */ = {isa = PBXFileReference; fileEncoding = 4; lastKnownFileType = sourcecode.c.objc; path = EMTildePathTransformer.m; sourceTree = "<group>"; };
		A5E8601315CB2989001302EA /* BasicPreferences.xib */ = {isa = PBXFileReference; fileEncoding = 4; lastKnownFileType = file.xib; name = BasicPreferences.xib; path = Preferences/Basic/BasicPreferences.xib; sourceTree = SOURCE_ROOT; };
		A5E8601715CB2A46001302EA /* EMBasicPreferencesWindowController.h */ = {isa = PBXFileReference; fileEncoding = 4; lastKnownFileType = sourcecode.c.h; name = EMBasicPreferencesWindowController.h; path = Basic/EMBasicPreferencesWindowController.h; sourceTree = "<group>"; };
		A5E8601815CB2A46001302EA /* EMBasicPreferencesWindowController.m */ = {isa = PBXFileReference; fileEncoding = 4; lastKnownFileType = sourcecode.c.objc; name = EMBasicPreferencesWindowController.m; path = Basic/EMBasicPreferencesWindowController.m; sourceTree = "<group>"; };
		A5EBAB7114E31437007DD2E2 /* objc-zeneditor-wrap.js */ = {isa = PBXFileReference; fileEncoding = 4; lastKnownFileType = sourcecode.javascript; path = "objc-zeneditor-wrap.js"; sourceTree = "<group>"; };
/* End PBXFileReference section */

/* Begin PBXFrameworksBuildPhase section */
		A576DD4D15E91267009B5E24 /* Frameworks */ = {
			isa = PBXFrameworksBuildPhase;
			buildActionMask = 2147483647;
			files = (
				A576DD5215E91267009B5E24 /* Cocoa.framework in Frameworks */,
				A566BFEE161F5EBE006ABFB0 /* JSCocoa.framework in Frameworks */,
			);
			runOnlyForDeploymentPostprocessing = 0;
		};
		A57C4B9C158DC6BB00566A1C /* Frameworks */ = {
			isa = PBXFrameworksBuildPhase;
			buildActionMask = 2147483647;
			files = (
				A57C4BA0158DC6BB00566A1C /* Cocoa.framework in Frameworks */,
				A566BFE8161F5E89006ABFB0 /* JSCocoa.framework in Frameworks */,
			);
			runOnlyForDeploymentPostprocessing = 0;
		};
		A5C722BD15D5A28200CDA623 /* Frameworks */ = {
			isa = PBXFrameworksBuildPhase;
			buildActionMask = 2147483647;
			files = (
				A5C722C115D5A28200CDA623 /* Cocoa.framework in Frameworks */,
				A566BFEB161F5EA3006ABFB0 /* JSCocoa.framework in Frameworks */,
			);
			runOnlyForDeploymentPostprocessing = 0;
		};
		A5D2750B14F000FA00B3816D /* Frameworks */ = {
			isa = PBXFrameworksBuildPhase;
			buildActionMask = 2147483647;
			files = (
				A5D2751014F000FA00B3816D /* Cocoa.framework in Frameworks */,
				A566BFE4161F58A2006ABFB0 /* JSCocoa.framework in Frameworks */,
			);
			runOnlyForDeploymentPostprocessing = 0;
		};
		A5D2753914F004A800B3816D /* Frameworks */ = {
			isa = PBXFrameworksBuildPhase;
			buildActionMask = 2147483647;
			files = (
				A5D2753E14F004A800B3816D /* Cocoa.framework in Frameworks */,
			);
			runOnlyForDeploymentPostprocessing = 0;
		};
/* End PBXFrameworksBuildPhase section */

/* Begin PBXGroup section */
		A576DD5315E91267009B5E24 /* EspressoPlugin */ = {
			isa = PBXGroup;
			children = (
				A576DD5715E91267009B5E24 /* XML Based */,
				A576DD5415E91267009B5E24 /* Supporting Files */,
				A576DD5F15E9256F009B5E24 /* EMGenericAction.h */,
				A576DD6015E9256F009B5E24 /* EMGenericAction.m */,
				A576DD7215E92DE0009B5E24 /* EMEspressoEditor.h */,
				A576DD7315E92DE0009B5E24 /* EMEspressoEditor.m */,
				A576DD9515EB5F08009B5E24 /* EMPreferences.h */,
				A576DD9615EB5F08009B5E24 /* EMPreferences.m */,
			);
			path = EspressoPlugin;
			sourceTree = "<group>";
		};
		A576DD5415E91267009B5E24 /* Supporting Files */ = {
			isa = PBXGroup;
			children = (
				A576DD5515E91267009B5E24 /* Prefix.pch */,
				A576DD5615E91267009B5E24 /* Info.plist */,
			);
			name = "Supporting Files";
			sourceTree = "<group>";
		};
		A576DD5715E91267009B5E24 /* XML Based */ = {
			isa = PBXGroup;
			children = (
				A576DD6215E92918009B5E24 /* TextActions */,
			);
			path = "XML Based";
			sourceTree = "<group>";
		};
		A576DD6215E92918009B5E24 /* TextActions */ = {
			isa = PBXGroup;
			children = (
				A576DD6315E92918009B5E24 /* Actions.xml */,
				A576DD6415E92918009B5E24 /* Categories.xml */,
			);
			path = TextActions;
			sourceTree = "<group>";
		};
		A57C4BA1158DC6BB00566A1C /* CodaPlugin */ = {
			isa = PBXGroup;
			children = (
				A57C4BAB158DC75D00566A1C /* CodaPlugInsController.h */,
				A57C4BAC158DC75D00566A1C /* EMCodaPlugin.h */,
				A57C4BAD158DC75D00566A1C /* EMCodaPlugin.m */,
				A57C4BAE158DC75D00566A1C /* EMCodaEditor.h */,
				A57C4BAF158DC75D00566A1C /* EMCodaEditor.m */,
				A57C4BA2158DC6BB00566A1C /* Supporting Files */,
			);
			path = CodaPlugin;
			sourceTree = "<group>";
		};
		A57C4BA2158DC6BB00566A1C /* Supporting Files */ = {
			isa = PBXGroup;
			children = (
				A59A5A40158FDAF2005B4EB4 /* KeyboardShortcuts.plist */,
				A57C4BA3158DC6BB00566A1C /* CodaPlugin-Info.plist */,
				A57C4BA4158DC6BB00566A1C /* InfoPlist.strings */,
				A57C4BA7158DC6BB00566A1C /* CodaPlugin-Prefix.pch */,
			);
			name = "Supporting Files";
			sourceTree = "<group>";
		};
		A596306B1519F582000D1A01 /* JSONKit */ = {
			isa = PBXGroup;
			children = (
				A596306C1519F594000D1A01 /* JSONKit.h */,
				A596306D1519F594000D1A01 /* JSONKit.m */,
			);
			name = JSONKit;
			sourceTree = "<group>";
		};
		A5994E4E14BF52020067B42B = {
			isa = PBXGroup;
			children = (
				A596306B1519F582000D1A01 /* JSONKit */,
				A5BE71DE15BF437E009CF514 /* JSCocoa Delegate */,
				A5994E6314BF52030067B42B /* Emmet */,
				A5E85FDB15CB26D7001302EA /* Preferences */,
				A5D2751114F000FA00B3816D /* EmmetSample */,
				A57C4BA1158DC6BB00566A1C /* CodaPlugin */,
				A5C722C215D5A28200CDA623 /* TextMatePlugin */,
				A576DD5315E91267009B5E24 /* EspressoPlugin */,
				A5994E5C14BF52030067B42B /* Frameworks */,
				A5994E5A14BF52030067B42B /* Products */,
			);
			sourceTree = "<group>";
		};
		A5994E5A14BF52030067B42B /* Products */ = {
			isa = PBXGroup;
			children = (
				A5D2750E14F000FA00B3816D /* EmmetSample.app */,
				A5D2753D14F004A800B3816D /* Emmet.framework */,
				A57C4B9F158DC6BB00566A1C /* Emmet.codaplugin */,
				A5C722C015D5A28200CDA623 /* Emmet.tmplugin */,
				A576DD5115E91267009B5E24 /* Emmet.sugar */,
			);
			name = Products;
			sourceTree = "<group>";
		};
		A5994E5C14BF52030067B42B /* Frameworks */ = {
			isa = PBXGroup;
			children = (
				A566BFE3161F58A2006ABFB0 /* JSCocoa.framework */,
				A5994E7A14BF52140067B42B /* Carbon.framework */,
				A5994E5D14BF52030067B42B /* Cocoa.framework */,
				A5994E5F14BF52030067B42B /* Other Frameworks */,
			);
			name = Frameworks;
			sourceTree = "<group>";
		};
		A5994E5F14BF52030067B42B /* Other Frameworks */ = {
			isa = PBXGroup;
			children = (
				A5994E6014BF52030067B42B /* AppKit.framework */,
				A5994E6114BF52030067B42B /* CoreData.framework */,
				A5994E6214BF52030067B42B /* Foundation.framework */,
			);
			name = "Other Frameworks";
			sourceTree = "<group>";
		};
		A5994E6314BF52030067B42B /* Emmet */ = {
			isa = PBXGroup;
			children = (
				A563EC4914E31951009472C9 /* Emmet.h */,
				A563EC4A14E31951009472C9 /* Emmet.m */,
				A5224A3A15EE6D2700AE6103 /* EmmetEditor.h */,
				A5224A3D15EE6D9200AE6103 /* NSTextView+EmmetEditor.h */,
				A5224A3C15EE6D9200AE6103 /* NSTextView+EmmetEditor.m */,
				A55EC49B14EE560E00F9A09B /* EMPromptDialogController.h */,
				A55EC49C14EE560E00F9A09B /* EMPromptDialogController.m */,
				A5AB74E514EE56BE00A59617 /* PromptDialog.xib */,
				A596302C151898B8000D1A01 /* EMDefaultsKeys.h */,
				A596302E15189A07000D1A01 /* EMNotifications.h */,
				A59630661519DAE7000D1A01 /* NSMutableDictionary+EMUtils.h */,
				A59630671519DAE7000D1A01 /* NSMutableDictionary+EMUtils.m */,
				A562B88B1595007C007F9044 /* EmmetFile.h */,
				A562B88C1595007C007F9044 /* EmmetFile.m */,
				A5BE71DA15BF403E009CF514 /* EMJSContext.h */,
				A5E85FB215C8821C001302EA /* EMUserDataLoader.h */,
				A5E85FB315C8821C001302EA /* EMUserDataLoader.m */,
				A5D2757414F0096200B3816D /* Supporting Files */,
			);
			name = Emmet;
			path = ZenCoding;
			sourceTree = "<group>";
		};
		A5BE71DE15BF437E009CF514 /* JSCocoa Delegate */ = {
			isa = PBXGroup;
			children = (
				A5BE71DF15BF43A3009CF514 /* JSCocoaDelegate.h */,
				A5BE71E015BF43A3009CF514 /* JSCocoaDelegate.m */,
			);
			path = "JSCocoa Delegate";
			sourceTree = "<group>";
		};
		A5C722C215D5A28200CDA623 /* TextMatePlugin */ = {
			isa = PBXGroup;
			children = (
				A5C722C315D5A28200CDA623 /* Supporting Files */,
				A5C722CD15D5A2FA00CDA623 /* EMTextmatePlugin.h */,
				A5C722CE15D5A2FA00CDA623 /* EMTextmatePlugin.m */,
				A5C722E815D5AA3900CDA623 /* OakTextView.h */,
				A5C722EC15D6CB0E00CDA623 /* EMTextMateEditor.h */,
				A5C722ED15D6CB0E00CDA623 /* EMTextMateEditor.m */,
			);
			path = TextMatePlugin;
			sourceTree = "<group>";
		};
		A5C722C315D5A28200CDA623 /* Supporting Files */ = {
			isa = PBXGroup;
			children = (
				A56992E815D90F2100D97C27 /* KeyboardShortcuts.plist */,
				A5C722C415D5A28200CDA623 /* TextMatePlugin-Info.plist */,
				A5C722C515D5A28200CDA623 /* InfoPlist.strings */,
				A5C722C815D5A28200CDA623 /* TextMatePlugin-Prefix.pch */,
				A56992E515D9091500D97C27 /* textmate-bootstrap.js */,
			);
			name = "Supporting Files";
			sourceTree = "<group>";
		};
		A5D2751114F000FA00B3816D /* EmmetSample */ = {
			isa = PBXGroup;
			children = (
				A5D2751D14F000FA00B3816D /* ZenCodingSampleAppDelegate.h */,
				A5D2751E14F000FA00B3816D /* ZenCodingSampleAppDelegate.m */,
				A5D2752014F000FA00B3816D /* MainMenu.xib */,
				A5D2751214F000FA00B3816D /* Supporting Files */,
			);
			name = EmmetSample;
			path = ZenCodingSample;
			sourceTree = "<group>";
		};
		A5D2751214F000FA00B3816D /* Supporting Files */ = {
			isa = PBXGroup;
			children = (
				A5D2751314F000FA00B3816D /* EmmetSample-Info.plist */,
				A5D2751414F000FA00B3816D /* InfoPlist.strings */,
				A5D2751714F000FA00B3816D /* main.m */,
				A5D2751914F000FA00B3816D /* EmmetSample-Prefix.pch */,
				A5D2751A14F000FA00B3816D /* Credits.rtf */,
			);
			name = "Supporting Files";
			sourceTree = "<group>";
		};
		A5D2757414F0096200B3816D /* Supporting Files */ = {
			isa = PBXGroup;
			children = (
				A576DD4715E83213009B5E24 /* emmet-app.js */,
				A5D2757514F009B100B3816D /* Emmet-Info.plist */,
				A5D2757A14F009D700B3816D /* InfoPlist.strings */,
				A5D2757614F009B100B3816D /* Emmet-Prefix.pch */,
				A5DB23431510DABD009979C2 /* PreferencesDefaults.plist */,
				A57C4A02158BEED300566A1C /* snippets.json */,
				A5EBAB7114E31437007DD2E2 /* objc-zeneditor-wrap.js */,
				A562B8921595022F007F9044 /* file-interface.js */,
			);
			name = "Supporting Files";
			sourceTree = "<group>";
		};
		A5E85FDB15CB26D7001302EA /* Preferences */ = {
			isa = PBXGroup;
			children = (
				A5E8601615CB29FF001302EA /* Basic */,
				A5E85FEA15CB28A1001302EA /* Sample */,
				A5E85FF415CB28A1001302EA /* Transformers */,
				A5E85FDC15CB2743001302EA /* Snippets Preferences */,
			);
			path = Preferences;
			sourceTree = "<group>";
		};
		A5E85FDC15CB2743001302EA /* Snippets Preferences */ = {
			isa = PBXGroup;
			children = (
				A5E85FDD15CB2743001302EA /* ZCSnippetsPreferencesDataSource.h */,
				A5E85FDE15CB2743001302EA /* ZCSnippetsPreferencesDataSource.m */,
				A5E85FDF15CB2743001302EA /* ZCSnippetsPreferencesWindow.h */,
				A5E85FE015CB2743001302EA /* ZCSnippetsPreferencesWindow.m */,
				A5E85FE115CB2743001302EA /* ZCSnippetsPreferencesWindow.xib */,
			);
			path = "Snippets Preferences";
			sourceTree = "<group>";
		};
		A5E85FEA15CB28A1001302EA /* Sample */ = {
			isa = PBXGroup;
			children = (
				A5E85FEB15CB28A1001302EA /* Preferences.xib */,
				A5E85FEC15CB28A1001302EA /* SnippetEditor.xib */,
				A5E85FED15CB28A1001302EA /* VariableEditor.xib */,
				A5E85FEE15CB28A1001302EA /* ZenCodingCorePreferencesController.h */,
				A5E85FEF15CB28A1001302EA /* ZenCodingCorePreferencesController.m */,
				A5E85FF015CB28A1001302EA /* ZenCodingPreferences.h */,
				A5E85FF115CB28A1001302EA /* ZenCodingPreferences.m */,
				A5E85FF215CB28A1001302EA /* ZenCodingSnippetEditor.h */,
				A5E85FF315CB28A1001302EA /* ZenCodingSnippetEditor.m */,
			);
			path = Sample;
			sourceTree = "<group>";
		};
		A5E85FF415CB28A1001302EA /* Transformers */ = {
			isa = PBXGroup;
			children = (
				A5E85FF515CB28A1001302EA /* EMArrayTransformer.h */,
				A5E85FF615CB28A1001302EA /* EMArrayTransformer.m */,
				A5E85FF715CB28A1001302EA /* EMSyntaxNameTransformer.h */,
				A5E85FF815CB28A1001302EA /* EMSyntaxNameTransformer.m */,
				A5E85FF915CB28A1001302EA /* EMTildePathTransformer.h */,
				A5E85FFA15CB28A1001302EA /* EMTildePathTransformer.m */,
			);
			path = Transformers;
			sourceTree = "<group>";
		};
		A5E8601615CB29FF001302EA /* Basic */ = {
			isa = PBXGroup;
			children = (
				A5E8601315CB2989001302EA /* BasicPreferences.xib */,
				A5E8601715CB2A46001302EA /* EMBasicPreferencesWindowController.h */,
				A5E8601815CB2A46001302EA /* EMBasicPreferencesWindowController.m */,
			);
			name = Basic;
			sourceTree = "<group>";
		};
/* End PBXGroup section */

/* Begin PBXHeadersBuildPhase section */
		A5D2753A14F004A800B3816D /* Headers */ = {
			isa = PBXHeadersBuildPhase;
			buildActionMask = 2147483647;
			files = (
				A5D2755714F0055200B3816D /* Emmet.h in Headers */,
				A5D2755814F0055C00B3816D /* EMPromptDialogController.h in Headers */,
				A596302D151898B8000D1A01 /* EMDefaultsKeys.h in Headers */,
				A5D2757914F009B100B3816D /* Emmet-Prefix.pch in Headers */,
				A596302F15189A08000D1A01 /* EMNotifications.h in Headers */,
				A59630681519DAE7000D1A01 /* NSMutableDictionary+EMUtils.h in Headers */,
				A596306E1519F594000D1A01 /* JSONKit.h in Headers */,
				A562B88D1595007C007F9044 /* EmmetFile.h in Headers */,
				A5BE71DB15BF403E009CF514 /* EMJSContext.h in Headers */,
				A5BE71E115BF43A3009CF514 /* JSCocoaDelegate.h in Headers */,
				A5E85FB415C8821C001302EA /* EMUserDataLoader.h in Headers */,
				A5E85FE215CB2743001302EA /* ZCSnippetsPreferencesDataSource.h in Headers */,
				A5E85FE515CB2743001302EA /* ZCSnippetsPreferencesWindow.h in Headers */,
				A5E8600115CB28A1001302EA /* ZenCodingCorePreferencesController.h in Headers */,
				A5E8600415CB28A1001302EA /* ZenCodingPreferences.h in Headers */,
				A5E8600715CB28A1001302EA /* ZenCodingSnippetEditor.h in Headers */,
				A5E8600A15CB28A1001302EA /* EMArrayTransformer.h in Headers */,
				A5E8600D15CB28A1001302EA /* EMSyntaxNameTransformer.h in Headers */,
				A5E8601015CB28A1001302EA /* EMTildePathTransformer.h in Headers */,
				A5E8601915CB2A46001302EA /* EMBasicPreferencesWindowController.h in Headers */,
				A5224A3B15EE6D2700AE6103 /* EmmetEditor.h in Headers */,
				A5224A3F15EE6D9200AE6103 /* NSTextView+EmmetEditor.h in Headers */,
			);
			runOnlyForDeploymentPostprocessing = 0;
		};
/* End PBXHeadersBuildPhase section */

/* Begin PBXNativeTarget section */
		A576DD5015E91267009B5E24 /* EspressoPlugin */ = {
			isa = PBXNativeTarget;
			buildConfigurationList = A576DD5815E91267009B5E24 /* Build configuration list for PBXNativeTarget "EspressoPlugin" */;
			buildPhases = (
				A576DD4C15E91267009B5E24 /* Sources */,
				A576DD4D15E91267009B5E24 /* Frameworks */,
				A576DD4E15E91267009B5E24 /* Resources */,
				A566BFEF161F5ED2006ABFB0 /* CopyFiles */,
				A576DD4F15E91267009B5E24 /* ShellScript */,
			);
			buildRules = (
			);
			dependencies = (
			);
			name = EspressoPlugin;
			productName = EspressoPlugin;
			productReference = A576DD5115E91267009B5E24 /* Emmet.sugar */;
			productType = "com.apple.product-type.bundle";
		};
		A57C4B9E158DC6BB00566A1C /* CodaPlugin */ = {
			isa = PBXNativeTarget;
			buildConfigurationList = A57C4BA8158DC6BB00566A1C /* Build configuration list for PBXNativeTarget "CodaPlugin" */;
			buildPhases = (
				A57C4B9B158DC6BB00566A1C /* Sources */,
				A57C4B9C158DC6BB00566A1C /* Frameworks */,
				A57C4B9D158DC6BB00566A1C /* Resources */,
				A566BFE9161F5E91006ABFB0 /* CopyFiles */,
			);
			buildRules = (
			);
			dependencies = (
			);
			name = CodaPlugin;
			productName = CodaPlugin;
			productReference = A57C4B9F158DC6BB00566A1C /* Emmet.codaplugin */;
			productType = "com.apple.product-type.bundle";
		};
		A5C722BF15D5A28200CDA623 /* TextMatePlugin */ = {
			isa = PBXNativeTarget;
			buildConfigurationList = A5C722CB15D5A28200CDA623 /* Build configuration list for PBXNativeTarget "TextMatePlugin" */;
			buildPhases = (
				A5C722BC15D5A28200CDA623 /* Sources */,
				A5C722BD15D5A28200CDA623 /* Frameworks */,
				A5C722BE15D5A28200CDA623 /* Resources */,
				A566BFEC161F5EAC006ABFB0 /* CopyFiles */,
			);
			buildRules = (
			);
			dependencies = (
			);
			name = TextMatePlugin;
			productName = TextMatePlugin;
			productReference = A5C722C015D5A28200CDA623 /* Emmet.tmplugin */;
			productType = "com.apple.product-type.bundle";
		};
		A5D2750D14F000FA00B3816D /* EmmetSample */ = {
			isa = PBXNativeTarget;
			buildConfigurationList = A5D2752314F000FA00B3816D /* Build configuration list for PBXNativeTarget "EmmetSample" */;
			buildPhases = (
				A5D2750A14F000FA00B3816D /* Sources */,
				A5D2750B14F000FA00B3816D /* Frameworks */,
				A5D2750C14F000FA00B3816D /* Resources */,
				A566BFE6161F595D006ABFB0 /* CopyFiles */,
			);
			buildRules = (
			);
			dependencies = (
			);
			name = EmmetSample;
			productName = ZenCodingSample;
			productReference = A5D2750E14F000FA00B3816D /* EmmetSample.app */;
			productType = "com.apple.product-type.application";
		};
		A5D2753C14F004A800B3816D /* Emmet */ = {
			isa = PBXNativeTarget;
			buildConfigurationList = A5D2754914F004A800B3816D /* Build configuration list for PBXNativeTarget "Emmet" */;
			buildPhases = (
				A5D2753814F004A800B3816D /* Sources */,
				A5D2753914F004A800B3816D /* Frameworks */,
				A5D2753A14F004A800B3816D /* Headers */,
				A5D2753B14F004A800B3816D /* Resources */,
			);
			buildRules = (
			);
			dependencies = (
			);
			name = Emmet;
			productName = ZenCoding;
			productReference = A5D2753D14F004A800B3816D /* Emmet.framework */;
			productType = "com.apple.product-type.framework";
		};
/* End PBXNativeTarget section */

/* Begin PBXProject section */
		A5994E5014BF52020067B42B /* Project object */ = {
			isa = PBXProject;
			attributes = {
				LastUpgradeCheck = 0440;
				ORGANIZATIONNAME = "Аймобилко";
			};
			buildConfigurationList = A5994E5314BF52020067B42B /* Build configuration list for PBXProject "Emmet" */;
			compatibilityVersion = "Xcode 3.2";
			developmentRegion = English;
			hasScannedForEncodings = 0;
			knownRegions = (
				en,
				English,
			);
			mainGroup = A5994E4E14BF52020067B42B;
			productRefGroup = A5994E5A14BF52030067B42B /* Products */;
			projectDirPath = "";
			projectRoot = "";
			targets = (
				A5D2750D14F000FA00B3816D /* EmmetSample */,
				A5D2753C14F004A800B3816D /* Emmet */,
				A57C4B9E158DC6BB00566A1C /* CodaPlugin */,
				A5C722BF15D5A28200CDA623 /* TextMatePlugin */,
				A576DD5015E91267009B5E24 /* EspressoPlugin */,
			);
		};
/* End PBXProject section */

/* Begin PBXResourcesBuildPhase section */
		A576DD4E15E91267009B5E24 /* Resources */ = {
			isa = PBXResourcesBuildPhase;
			buildActionMask = 2147483647;
			files = (
				A576DD9415EA5985009B5E24 /* textmate-bootstrap.js in Resources */,
				A576DD8915EA4528009B5E24 /* PromptDialog.xib in Resources */,
				A576DD8A15EA4528009B5E24 /* emmet-app.js in Resources */,
				A576DD8B15EA4528009B5E24 /* PreferencesDefaults.plist in Resources */,
				A576DD8C15EA4528009B5E24 /* snippets.json in Resources */,
				A576DD8D15EA4528009B5E24 /* objc-zeneditor-wrap.js in Resources */,
				A576DD8E15EA4528009B5E24 /* file-interface.js in Resources */,
				A576DD8F15EA4528009B5E24 /* BasicPreferences.xib in Resources */,
			);
			runOnlyForDeploymentPostprocessing = 0;
		};
		A57C4B9D158DC6BB00566A1C /* Resources */ = {
			isa = PBXResourcesBuildPhase;
			buildActionMask = 2147483647;
			files = (
				A576DD4A15E83213009B5E24 /* emmet-app.js in Resources */,
				A562B898159516B1007F9044 /* file-interface.js in Resources */,
				A57C4BC6158DCF0A00566A1C /* PromptDialog.xib in Resources */,
				A57C4BCA158DCF0A00566A1C /* PreferencesDefaults.plist in Resources */,
				A57C4BCB158DCF0A00566A1C /* snippets.json in Resources */,
				A57C4BCD158DCF0A00566A1C /* objc-zeneditor-wrap.js in Resources */,
				A575604915D1C11F00CF9829 /* BasicPreferences.xib in Resources */,
				A57C4BA6158DC6BB00566A1C /* InfoPlist.strings in Resources */,
				A59A5A41158FDAF2005B4EB4 /* KeyboardShortcuts.plist in Resources */,
			);
			runOnlyForDeploymentPostprocessing = 0;
		};
		A5C722BE15D5A28200CDA623 /* Resources */ = {
			isa = PBXResourcesBuildPhase;
			buildActionMask = 2147483647;
			files = (
				A576DD4B15E83213009B5E24 /* emmet-app.js in Resources */,
				A5C722E215D5A7CD00CDA623 /* PromptDialog.xib in Resources */,
				A5C722E315D5A7CD00CDA623 /* PreferencesDefaults.plist in Resources */,
				A5C722E415D5A7CD00CDA623 /* snippets.json in Resources */,
				A5C722E615D5A7CD00CDA623 /* objc-zeneditor-wrap.js in Resources */,
				A5C722E715D5A7CD00CDA623 /* file-interface.js in Resources */,
				A5C722C715D5A28200CDA623 /* InfoPlist.strings in Resources */,
				A56992E715D90A1C00D97C27 /* textmate-bootstrap.js in Resources */,
				A56992E915D90F2100D97C27 /* KeyboardShortcuts.plist in Resources */,
				A53F606915E6C49300CF391B /* BasicPreferences.xib in Resources */,
			);
			runOnlyForDeploymentPostprocessing = 0;
		};
		A5D2750C14F000FA00B3816D /* Resources */ = {
			isa = PBXResourcesBuildPhase;
			buildActionMask = 2147483647;
			files = (
				A576DD4815E83213009B5E24 /* emmet-app.js in Resources */,
				A562B89615951696007F9044 /* file-interface.js in Resources */,
				A5D2751614F000FA00B3816D /* InfoPlist.strings in Resources */,
				A5D2751C14F000FA00B3816D /* Credits.rtf in Resources */,
				A5D2753414F0041800B3816D /* objc-zeneditor-wrap.js in Resources */,
				A5DB23441510DABD009979C2 /* PreferencesDefaults.plist in Resources */,
				A5D2757714F009B100B3816D /* Emmet-Info.plist in Resources */,
				A5D2757C14F009D700B3816D /* InfoPlist.strings in Resources */,
				A5D2752214F000FA00B3816D /* MainMenu.xib in Resources */,
				A5D2753214F0041000B3816D /* PromptDialog.xib in Resources */,
				A57C4A03158BEED300566A1C /* snippets.json in Resources */,
				A53F606815E587B700CF391B /* KeyboardShortcuts.plist in Resources */,
				A5E8601415CB2989001302EA /* BasicPreferences.xib in Resources */,
			);
			runOnlyForDeploymentPostprocessing = 0;
		};
		A5D2753B14F004A800B3816D /* Resources */ = {
			isa = PBXResourcesBuildPhase;
			buildActionMask = 2147483647;
			files = (
				A576DD4915E83213009B5E24 /* emmet-app.js in Resources */,
				A562B897159516A8007F9044 /* file-interface.js in Resources */,
				A5D2755D14F0057700B3816D /* objc-zeneditor-wrap.js in Resources */,
				A5D2755E14F0057B00B3816D /* PromptDialog.xib in Resources */,
				A5D2757D14F009D700B3816D /* InfoPlist.strings in Resources */,
				A5DB23451510DABD009979C2 /* PreferencesDefaults.plist in Resources */,
				A57C4A04158BEED300566A1C /* snippets.json in Resources */,
				A5E85FE915CB2743001302EA /* ZCSnippetsPreferencesWindow.xib in Resources */,
				A5E85FFC15CB28A1001302EA /* Preferences.xib in Resources */,
				A5E85FFE15CB28A1001302EA /* SnippetEditor.xib in Resources */,
				A5E8600015CB28A1001302EA /* VariableEditor.xib in Resources */,
				A5E8601515CB2989001302EA /* BasicPreferences.xib in Resources */,
			);
			runOnlyForDeploymentPostprocessing = 0;
		};
/* End PBXResourcesBuildPhase section */

/* Begin PBXShellScriptBuildPhase section */
		A576DD4F15E91267009B5E24 /* ShellScript */ = {
			isa = PBXShellScriptBuildPhase;
			buildActionMask = 2147483647;
			files = (
			);
			inputPaths = (
			);
			outputPaths = (
			);
			runOnlyForDeploymentPostprocessing = 0;
			shellPath = /bin/sh;
			shellScript = "# Copy all files in the \"XML Based\" folder into the root of the final Sugar\nrsync -a --exclude=\".*\"  \"$SRCROOT/$TARGET_NAME/XML Based/\" \"$TARGET_BUILD_DIR/$WRAPPER_NAME/\"";
		};
/* End PBXShellScriptBuildPhase section */

/* Begin PBXSourcesBuildPhase section */
		A576DD4C15E91267009B5E24 /* Sources */ = {
			isa = PBXSourcesBuildPhase;
			buildActionMask = 2147483647;
			files = (
				A576DD7515EA441B009B5E24 /* JSONKit.m in Sources */,
				A576DD7C15EA441B009B5E24 /* JSCocoaDelegate.m in Sources */,
				A576DD7D15EA441B009B5E24 /* Emmet.m in Sources */,
				A576DD7E15EA441B009B5E24 /* EMPromptDialogController.m in Sources */,
				A576DD7F15EA441B009B5E24 /* NSMutableDictionary+EMUtils.m in Sources */,
				A576DD8015EA441B009B5E24 /* EmmetFile.m in Sources */,
				A576DD8115EA441B009B5E24 /* EMUserDataLoader.m in Sources */,
				A576DD8215EA441B009B5E24 /* EMBasicPreferencesWindowController.m in Sources */,
				A576DD8315EA441B009B5E24 /* EMArrayTransformer.m in Sources */,
				A576DD8415EA441B009B5E24 /* EMSyntaxNameTransformer.m in Sources */,
				A576DD8515EA441B009B5E24 /* EMTildePathTransformer.m in Sources */,
				A576DD6115E9256F009B5E24 /* EMGenericAction.m in Sources */,
				A576DD7415E92DE0009B5E24 /* EMEspressoEditor.m in Sources */,
				A576DD9715EB5F08009B5E24 /* EMPreferences.m in Sources */,
			);
			runOnlyForDeploymentPostprocessing = 0;
		};
		A57C4B9B158DC6BB00566A1C /* Sources */ = {
			isa = PBXSourcesBuildPhase;
			buildActionMask = 2147483647;
			files = (
				A57C4BB2158DCEB400566A1C /* JSONKit.m in Sources */,
				A57C4BBA158DCEB400566A1C /* Emmet.m in Sources */,
				A57C4BBB158DCEB400566A1C /* EMPromptDialogController.m in Sources */,
				A57C4BBF158DCEB400566A1C /* NSMutableDictionary+EMUtils.m in Sources */,
				A57C4BB0158DC75D00566A1C /* EMCodaPlugin.m in Sources */,
				A57C4BB1158DC75D00566A1C /* EMCodaEditor.m in Sources */,
				A562B8901595007C007F9044 /* EmmetFile.m in Sources */,
				A5BE71E415BF43A3009CF514 /* JSCocoaDelegate.m in Sources */,
				A575604415D1C0E300CF9829 /* EMUserDataLoader.m in Sources */,
				A575604515D1C0F800CF9829 /* EMBasicPreferencesWindowController.m in Sources */,
				A575604615D1C10500CF9829 /* EMArrayTransformer.m in Sources */,
				A575604715D1C10900CF9829 /* EMSyntaxNameTransformer.m in Sources */,
				A575604815D1C10C00CF9829 /* EMTildePathTransformer.m in Sources */,
			);
			runOnlyForDeploymentPostprocessing = 0;
		};
		A5C722BC15D5A28200CDA623 /* Sources */ = {
			isa = PBXSourcesBuildPhase;
			buildActionMask = 2147483647;
			files = (
				A5C722D715D5A77700CDA623 /* JSCocoaDelegate.m in Sources */,
				A5C722D815D5A77700CDA623 /* Emmet.m in Sources */,
				A5C722D915D5A77700CDA623 /* EMPromptDialogController.m in Sources */,
				A5C722DB15D5A77700CDA623 /* NSMutableDictionary+EMUtils.m in Sources */,
				A5C722DC15D5A77700CDA623 /* EmmetFile.m in Sources */,
				A5C722DD15D5A77700CDA623 /* EMUserDataLoader.m in Sources */,
				A5C722CF15D5A2FA00CDA623 /* EMTextmatePlugin.m in Sources */,
				A5C722EE15D6CB0E00CDA623 /* EMTextMateEditor.m in Sources */,
				A53F606A15E6C49F00CF391B /* EMBasicPreferencesWindowController.m in Sources */,
				A53F606B15E6C4C100CF391B /* EMArrayTransformer.m in Sources */,
				A53F606C15E6C4C100CF391B /* EMSyntaxNameTransformer.m in Sources */,
				A53F606D15E6C4C100CF391B /* EMTildePathTransformer.m in Sources */,
				A5C722D015D5A77700CDA623 /* JSONKit.m in Sources */,
			);
			runOnlyForDeploymentPostprocessing = 0;
		};
		A5D2750A14F000FA00B3816D /* Sources */ = {
			isa = PBXSourcesBuildPhase;
			buildActionMask = 2147483647;
			files = (
				A5D2753014F001A400B3816D /* Emmet.m in Sources */,
				A5D2753114F001A400B3816D /* EMPromptDialogController.m in Sources */,
				A5D2751814F000FA00B3816D /* main.m in Sources */,
				A5D2751F14F000FA00B3816D /* ZenCodingSampleAppDelegate.m in Sources */,
				A59630691519DAE7000D1A01 /* NSMutableDictionary+EMUtils.m in Sources */,
				A596306F1519F594000D1A01 /* JSONKit.m in Sources */,
				A562B88E1595007C007F9044 /* EmmetFile.m in Sources */,
				A5BE71E215BF43A3009CF514 /* JSCocoaDelegate.m in Sources */,
				A5E85FB515C8821C001302EA /* EMUserDataLoader.m in Sources */,
				A5E8600B15CB28A1001302EA /* EMArrayTransformer.m in Sources */,
				A5E8600E15CB28A1001302EA /* EMSyntaxNameTransformer.m in Sources */,
				A5E8601115CB28A1001302EA /* EMTildePathTransformer.m in Sources */,
				A5E8601A15CB2A46001302EA /* EMBasicPreferencesWindowController.m in Sources */,
				A5224A4015EE726A00AE6103 /* NSTextView+EmmetEditor.m in Sources */,
			);
			runOnlyForDeploymentPostprocessing = 0;
		};
		A5D2753814F004A800B3816D /* Sources */ = {
			isa = PBXSourcesBuildPhase;
			buildActionMask = 2147483647;
			files = (
				A5D2755F14F006A500B3816D /* Emmet.m in Sources */,
				A5D2755314F0052D00B3816D /* EMPromptDialogController.m in Sources */,
				A596306A1519DAE7000D1A01 /* NSMutableDictionary+EMUtils.m in Sources */,
				A59630701519F594000D1A01 /* JSONKit.m in Sources */,
				A562B88F1595007C007F9044 /* EmmetFile.m in Sources */,
				A5BE71E315BF43A3009CF514 /* JSCocoaDelegate.m in Sources */,
				A5E85FB615C8821C001302EA /* EMUserDataLoader.m in Sources */,
				A5E85FE415CB2743001302EA /* ZCSnippetsPreferencesDataSource.m in Sources */,
				A5E85FE715CB2743001302EA /* ZCSnippetsPreferencesWindow.m in Sources */,
				A5E8600315CB28A1001302EA /* ZenCodingCorePreferencesController.m in Sources */,
				A5E8600615CB28A1001302EA /* ZenCodingPreferences.m in Sources */,
				A5E8600915CB28A1001302EA /* ZenCodingSnippetEditor.m in Sources */,
				A5E8600C15CB28A1001302EA /* EMArrayTransformer.m in Sources */,
				A5E8600F15CB28A1001302EA /* EMSyntaxNameTransformer.m in Sources */,
				A5E8601215CB28A1001302EA /* EMTildePathTransformer.m in Sources */,
				A5E8601B15CB2A46001302EA /* EMBasicPreferencesWindowController.m in Sources */,
				A5224A3E15EE6D9200AE6103 /* NSTextView+EmmetEditor.m in Sources */,
			);
			runOnlyForDeploymentPostprocessing = 0;
		};
/* End PBXSourcesBuildPhase section */

/* Begin PBXVariantGroup section */
		A57C4BA4158DC6BB00566A1C /* InfoPlist.strings */ = {
			isa = PBXVariantGroup;
			children = (
				A57C4BA5158DC6BB00566A1C /* en */,
			);
			name = InfoPlist.strings;
			sourceTree = "<group>";
		};
		A5C722C515D5A28200CDA623 /* InfoPlist.strings */ = {
			isa = PBXVariantGroup;
			children = (
				A5C722C615D5A28200CDA623 /* en */,
			);
			name = InfoPlist.strings;
			sourceTree = "<group>";
		};
		A5D2751414F000FA00B3816D /* InfoPlist.strings */ = {
			isa = PBXVariantGroup;
			children = (
				A5D2751514F000FA00B3816D /* en */,
			);
			name = InfoPlist.strings;
			sourceTree = "<group>";
		};
		A5D2751A14F000FA00B3816D /* Credits.rtf */ = {
			isa = PBXVariantGroup;
			children = (
				A5D2751B14F000FA00B3816D /* en */,
			);
			name = Credits.rtf;
			sourceTree = "<group>";
		};
		A5D2752014F000FA00B3816D /* MainMenu.xib */ = {
			isa = PBXVariantGroup;
			children = (
				A5D2752114F000FA00B3816D /* en */,
			);
			name = MainMenu.xib;
			sourceTree = "<group>";
		};
		A5D2757A14F009D700B3816D /* InfoPlist.strings */ = {
			isa = PBXVariantGroup;
			children = (
				A5D2757B14F009D700B3816D /* en */,
			);
			name = InfoPlist.strings;
			sourceTree = "<group>";
		};
/* End PBXVariantGroup section */

/* Begin XCBuildConfiguration section */
		A576DD5915E91267009B5E24 /* Debug */ = {
			isa = XCBuildConfiguration;
			buildSettings = {
				BUNDLE_LOADER = "$(ESPRESSO_PATH)/Contents/MacOS/Espresso";
				COPY_PHASE_STRIP = NO;
				ESPRESSO_PATH = /Applications/Espresso.app;
				FRAMEWORK_SEARCH_PATHS = (
					"$(inherited)",
					"\"$(SRCROOT)/Frameworks\"",
				);
				GCC_DYNAMIC_NO_PIC = NO;
				GCC_ENABLE_OBJC_EXCEPTIONS = YES;
				GCC_PRECOMPILE_PREFIX_HEADER = YES;
				GCC_PREFIX_HEADER = EspressoPlugin/Prefix.pch;
				GCC_PREPROCESSOR_DEFINITIONS = NS_BUILD_32_LIKE_64;
				HEADER_SEARCH_PATHS = "$(ESPRESSO_PATH)/Contents/Headers";
				INFOPLIST_FILE = EspressoPlugin/Info.plist;
				INSTALL_PATH = "$(LOCAL_LIBRARY_DIR)/Bundles";
				MACOSX_DEPLOYMENT_TARGET = 10.7;
				PRODUCT_NAME = Emmet;
				WRAPPER_EXTENSION = sugar;
			};
			name = Debug;
		};
		A576DD5A15E91267009B5E24 /* Release */ = {
			isa = XCBuildConfiguration;
			buildSettings = {
				BUNDLE_LOADER = "$(ESPRESSO_PATH)/Contents/MacOS/Espresso";
				COPY_PHASE_STRIP = YES;
				DEBUG_INFORMATION_FORMAT = "dwarf-with-dsym";
				ESPRESSO_PATH = /Applications/Espresso.app;
				FRAMEWORK_SEARCH_PATHS = (
					"$(inherited)",
					"\"$(SRCROOT)/Frameworks\"",
				);
				GCC_ENABLE_OBJC_EXCEPTIONS = YES;
				GCC_PRECOMPILE_PREFIX_HEADER = YES;
				GCC_PREFIX_HEADER = EspressoPlugin/Prefix.pch;
				GCC_PREPROCESSOR_DEFINITIONS = NS_BUILD_32_LIKE_64;
				HEADER_SEARCH_PATHS = "$(ESPRESSO_PATH)/Contents/Headers";
				INFOPLIST_FILE = EspressoPlugin/Info.plist;
				INSTALL_PATH = "$(LOCAL_LIBRARY_DIR)/Bundles";
				MACOSX_DEPLOYMENT_TARGET = 10.7;
				PRODUCT_NAME = Emmet;
				WRAPPER_EXTENSION = sugar;
			};
			name = Release;
		};
		A57C4BA9158DC6BB00566A1C /* Debug */ = {
			isa = XCBuildConfiguration;
			buildSettings = {
				ARCHS = "$(ARCHS_STANDARD_32_64_BIT)";
				COMBINE_HIDPI_IMAGES = YES;
				FRAMEWORK_SEARCH_PATHS = (
					"$(inherited)",
					"\"$(SRCROOT)/Frameworks\"",
				);
				GCC_PRECOMPILE_PREFIX_HEADER = YES;
				GCC_PREFIX_HEADER = "CodaPlugin/CodaPlugin-Prefix.pch";
				GCC_WARN_UNINITIALIZED_AUTOS = YES;
				INFOPLIST_FILE = "CodaPlugin/CodaPlugin-Info.plist";
				INSTALL_PATH = "$(LOCAL_LIBRARY_DIR)/Bundles";
				MACOSX_DEPLOYMENT_TARGET = 10.7;
				PRODUCT_NAME = Emmet;
				SDKROOT = macosx;
				WRAPPER_EXTENSION = codaplugin;
			};
			name = Debug;
		};
		A57C4BAA158DC6BB00566A1C /* Release */ = {
			isa = XCBuildConfiguration;
			buildSettings = {
				ARCHS = "$(ARCHS_STANDARD_32_64_BIT)";
				COMBINE_HIDPI_IMAGES = YES;
				FRAMEWORK_SEARCH_PATHS = (
					"$(inherited)",
					"\"$(SRCROOT)/Frameworks\"",
				);
				GCC_PRECOMPILE_PREFIX_HEADER = YES;
				GCC_PREFIX_HEADER = "CodaPlugin/CodaPlugin-Prefix.pch";
				GCC_WARN_UNINITIALIZED_AUTOS = YES;
				INFOPLIST_FILE = "CodaPlugin/CodaPlugin-Info.plist";
				INSTALL_PATH = "$(LOCAL_LIBRARY_DIR)/Bundles";
				MACOSX_DEPLOYMENT_TARGET = 10.7;
				PRODUCT_NAME = Emmet;
				SDKROOT = macosx;
				WRAPPER_EXTENSION = codaplugin;
			};
			name = Release;
		};
		A5994E7514BF52030067B42B /* Debug */ = {
			isa = XCBuildConfiguration;
			buildSettings = {
				ALWAYS_SEARCH_USER_PATHS = NO;
				ARCHS = "$(ARCHS_STANDARD_32_64_BIT)";
				COPY_PHASE_STRIP = NO;
				GCC_C_LANGUAGE_STANDARD = gnu99;
				GCC_DYNAMIC_NO_PIC = NO;
				GCC_ENABLE_OBJC_EXCEPTIONS = YES;
				GCC_OPTIMIZATION_LEVEL = 0;
				GCC_PREPROCESSOR_DEFINITIONS = (
					"DEBUG=1",
					"$(inherited)",
				);
				GCC_SYMBOLS_PRIVATE_EXTERN = NO;
				GCC_VERSION = com.apple.compilers.llvm.clang.1_0;
				GCC_WARN_64_TO_32_BIT_CONVERSION = YES;
				GCC_WARN_ABOUT_MISSING_PROTOTYPES = YES;
				GCC_WARN_ABOUT_RETURN_TYPE = YES;
				GCC_WARN_UNUSED_VARIABLE = YES;
				MACOSX_DEPLOYMENT_TARGET = 10.7;
				ONLY_ACTIVE_ARCH = YES;
				OTHER_LDFLAGS = "-lffi";
				SDKROOT = macosx;
				SKIP_INSTALL = NO;
			};
			name = Debug;
		};
		A5994E7614BF52030067B42B /* Release */ = {
			isa = XCBuildConfiguration;
			buildSettings = {
				ALWAYS_SEARCH_USER_PATHS = NO;
				ARCHS = "$(ARCHS_STANDARD_32_64_BIT)";
				COPY_PHASE_STRIP = YES;
				DEBUG_INFORMATION_FORMAT = "dwarf-with-dsym";
				GCC_C_LANGUAGE_STANDARD = gnu99;
				GCC_ENABLE_OBJC_EXCEPTIONS = YES;
				GCC_VERSION = com.apple.compilers.llvm.clang.1_0;
				GCC_WARN_64_TO_32_BIT_CONVERSION = YES;
				GCC_WARN_ABOUT_MISSING_PROTOTYPES = YES;
				GCC_WARN_ABOUT_RETURN_TYPE = YES;
				GCC_WARN_UNUSED_VARIABLE = YES;
				MACOSX_DEPLOYMENT_TARGET = 10.7;
				OTHER_LDFLAGS = "-lffi";
				SDKROOT = macosx;
				SKIP_INSTALL = NO;
			};
			name = Release;
		};
		A5C722C915D5A28200CDA623 /* Debug */ = {
			isa = XCBuildConfiguration;
			buildSettings = {
				ARCHS = "$(ARCHS_STANDARD_32_64_BIT)";
				CLANG_CXX_LANGUAGE_STANDARD = "gnu++0x";
				CLANG_WARN__DUPLICATE_METHOD_MATCH = YES;
				COMBINE_HIDPI_IMAGES = YES;
				FRAMEWORK_SEARCH_PATHS = (
					"$(inherited)",
					"\"$(SRCROOT)/Frameworks\"",
				);
				GCC_PRECOMPILE_PREFIX_HEADER = YES;
				GCC_PREFIX_HEADER = "TextMatePlugin/TextMatePlugin-Prefix.pch";
				GCC_WARN_UNINITIALIZED_AUTOS = YES;
				INFOPLIST_FILE = "TextMatePlugin/TextMatePlugin-Info.plist";
				INSTALL_PATH = /;
				MACOSX_DEPLOYMENT_TARGET = 10.7;
				PRODUCT_NAME = Emmet;
				SDKROOT = macosx;
				WRAPPER_EXTENSION = tmplugin;
			};
			name = Debug;
		};
		A5C722CA15D5A28200CDA623 /* Release */ = {
			isa = XCBuildConfiguration;
			buildSettings = {
				ARCHS = "$(ARCHS_STANDARD_32_64_BIT)";
				CLANG_CXX_LANGUAGE_STANDARD = "gnu++0x";
				CLANG_WARN__DUPLICATE_METHOD_MATCH = YES;
				COMBINE_HIDPI_IMAGES = YES;
				FRAMEWORK_SEARCH_PATHS = (
					"$(inherited)",
					"\"$(SRCROOT)/Frameworks\"",
				);
				GCC_PRECOMPILE_PREFIX_HEADER = YES;
				GCC_PREFIX_HEADER = "TextMatePlugin/TextMatePlugin-Prefix.pch";
				GCC_WARN_UNINITIALIZED_AUTOS = YES;
				INFOPLIST_FILE = "TextMatePlugin/TextMatePlugin-Info.plist";
				INSTALL_PATH = /;
				MACOSX_DEPLOYMENT_TARGET = 10.7;
				PRODUCT_NAME = Emmet;
				SDKROOT = macosx;
				WRAPPER_EXTENSION = tmplugin;
			};
			name = Release;
		};
		A5D2752414F000FA00B3816D /* Debug */ = {
			isa = XCBuildConfiguration;
			buildSettings = {
				COMBINE_HIDPI_IMAGES = YES;
				FRAMEWORK_SEARCH_PATHS = (
					"$(inherited)",
					"\"$(SRCROOT)\"",
					"\"$(SRCROOT)/Frameworks\"",
				);
				GCC_PRECOMPILE_PREFIX_HEADER = YES;
				GCC_PREFIX_HEADER = "ZenCodingSample/EmmetSample-Prefix.pch";
				HEADER_SEARCH_PATHS = "${SRCROOT}/**";
				INFOPLIST_FILE = "ZenCodingSample/EmmetSample-Info.plist";
				MACOSX_DEPLOYMENT_TARGET = 10.7;
				PRODUCT_NAME = EmmetSample;
				WRAPPER_EXTENSION = app;
			};
			name = Debug;
		};
		A5D2752514F000FA00B3816D /* Release */ = {
			isa = XCBuildConfiguration;
			buildSettings = {
				COMBINE_HIDPI_IMAGES = YES;
				FRAMEWORK_SEARCH_PATHS = (
					"$(inherited)",
					"\"$(SRCROOT)\"",
					"\"$(SRCROOT)/Frameworks\"",
				);
				GCC_PRECOMPILE_PREFIX_HEADER = YES;
				GCC_PREFIX_HEADER = "ZenCodingSample/EmmetSample-Prefix.pch";
				HEADER_SEARCH_PATHS = "${SRCROOT}/**";
				INFOPLIST_FILE = "ZenCodingSample/EmmetSample-Info.plist";
				MACOSX_DEPLOYMENT_TARGET = 10.7;
				PRODUCT_NAME = EmmetSample;
				WRAPPER_EXTENSION = app;
			};
			name = Release;
		};
		A5D2754A14F004A800B3816D /* Debug */ = {
			isa = XCBuildConfiguration;
			buildSettings = {
				ARCHS = "$(ARCHS_STANDARD_32_64_BIT)";
				COMBINE_HIDPI_IMAGES = YES;
				DYLIB_COMPATIBILITY_VERSION = 1;
				DYLIB_CURRENT_VERSION = 1;
				FRAMEWORK_VERSION = A;
				GCC_PRECOMPILE_PREFIX_HEADER = YES;
				GCC_PREFIX_HEADER = "ZenCoding/Emmet-Prefix.pch";
				GCC_VERSION = com.apple.compilers.llvm.clang.1_0;
				INFOPLIST_FILE = "ZenCoding/Emmet-Info.plist";
				MACOSX_DEPLOYMENT_TARGET = 10.6;
				PRODUCT_NAME = Emmet;
				WRAPPER_EXTENSION = framework;
			};
			name = Debug;
		};
		A5D2754B14F004A800B3816D /* Release */ = {
			isa = XCBuildConfiguration;
			buildSettings = {
				ARCHS = "$(ARCHS_STANDARD_32_64_BIT)";
				COMBINE_HIDPI_IMAGES = YES;
				DYLIB_COMPATIBILITY_VERSION = 1;
				DYLIB_CURRENT_VERSION = 1;
				FRAMEWORK_VERSION = A;
				GCC_PRECOMPILE_PREFIX_HEADER = YES;
				GCC_PREFIX_HEADER = "ZenCoding/Emmet-Prefix.pch";
				GCC_VERSION = com.apple.compilers.llvm.clang.1_0;
				INFOPLIST_FILE = "ZenCoding/Emmet-Info.plist";
				MACOSX_DEPLOYMENT_TARGET = 10.6;
				PRODUCT_NAME = Emmet;
				WRAPPER_EXTENSION = framework;
			};
			name = Release;
		};
/* End XCBuildConfiguration section */

/* Begin XCConfigurationList section */
		A576DD5815E91267009B5E24 /* Build configuration list for PBXNativeTarget "EspressoPlugin" */ = {
			isa = XCConfigurationList;
			buildConfigurations = (
				A576DD5915E91267009B5E24 /* Debug */,
				A576DD5A15E91267009B5E24 /* Release */,
			);
			defaultConfigurationIsVisible = 0;
			defaultConfigurationName = Release;
		};
		A57C4BA8158DC6BB00566A1C /* Build configuration list for PBXNativeTarget "CodaPlugin" */ = {
			isa = XCConfigurationList;
			buildConfigurations = (
				A57C4BA9158DC6BB00566A1C /* Debug */,
				A57C4BAA158DC6BB00566A1C /* Release */,
			);
			defaultConfigurationIsVisible = 0;
			defaultConfigurationName = Release;
		};
		A5994E5314BF52020067B42B /* Build configuration list for PBXProject "Emmet" */ = {
			isa = XCConfigurationList;
			buildConfigurations = (
				A5994E7514BF52030067B42B /* Debug */,
				A5994E7614BF52030067B42B /* Release */,
			);
			defaultConfigurationIsVisible = 0;
			defaultConfigurationName = Release;
		};
		A5C722CB15D5A28200CDA623 /* Build configuration list for PBXNativeTarget "TextMatePlugin" */ = {
			isa = XCConfigurationList;
			buildConfigurations = (
				A5C722C915D5A28200CDA623 /* Debug */,
				A5C722CA15D5A28200CDA623 /* Release */,
			);
			defaultConfigurationIsVisible = 0;
			defaultConfigurationName = Release;
		};
		A5D2752314F000FA00B3816D /* Build configuration list for PBXNativeTarget "EmmetSample" */ = {
			isa = XCConfigurationList;
			buildConfigurations = (
				A5D2752414F000FA00B3816D /* Debug */,
				A5D2752514F000FA00B3816D /* Release */,
			);
			defaultConfigurationIsVisible = 0;
			defaultConfigurationName = Release;
		};
		A5D2754914F004A800B3816D /* Build configuration list for PBXNativeTarget "Emmet" */ = {
			isa = XCConfigurationList;
			buildConfigurations = (
				A5D2754A14F004A800B3816D /* Debug */,
				A5D2754B14F004A800B3816D /* Release */,
			);
			defaultConfigurationIsVisible = 0;
			defaultConfigurationName = Release;
		};
/* End XCConfigurationList section */
	};
	rootObject = A5994E5014BF52020067B42B /* Project object */;
}
